// !$*UTF8*$!
{
	archiveVersion = 1;
	classes = {
	};
	objectVersion = 46;
	objects = {

/* Begin PBXBuildFile section */
		3549BB501DA38A2000C63030 /* STPhotoCollection.h in Headers */ = {isa = PBXBuildFile; fileRef = 3549BB181DA3890B00C63030 /* STPhotoCollection.h */; settings = {ATTRIBUTES = (Public, ); }; };
		3549BB511DA38A2000C63030 /* STPhotoCollection.h in Headers */ = {isa = PBXBuildFile; fileRef = 3549BB181DA3890B00C63030 /* STPhotoCollection.h */; settings = {ATTRIBUTES = (Public, ); }; };
		3549BB521DA38A2100C63030 /* STPhotoCollection.h in Headers */ = {isa = PBXBuildFile; fileRef = 3549BB181DA3890B00C63030 /* STPhotoCollection.h */; settings = {ATTRIBUTES = (Public, ); }; };
		3549BB531DA38A2200C63030 /* STPhotoCollection.h in Headers */ = {isa = PBXBuildFile; fileRef = 3549BB181DA3890B00C63030 /* STPhotoCollection.h */; settings = {ATTRIBUTES = (Public, ); }; };
		3549BB661DA38ADB00C63030 /* STPhotoCollection.framework in Frameworks */ = {isa = PBXBuildFile; fileRef = 3549BB211DA389CD00C63030 /* STPhotoCollection.framework */; };
		3549BB751DA38AEF00C63030 /* STPhotoCollection.framework in Frameworks */ = {isa = PBXBuildFile; fileRef = 3549BB481DA389F300C63030 /* STPhotoCollection.framework */; };
		3549BB841DA38B0000C63030 /* STPhotoCollection.framework in Frameworks */ = {isa = PBXBuildFile; fileRef = 3549BB3B1DA389E800C63030 /* STPhotoCollection.framework */; };
		3549BB8B1DA38C0A00C63030 /* STPhotoCollectionTests.swift in Sources */ = {isa = PBXBuildFile; fileRef = 3549BB8A1DA38C0A00C63030 /* STPhotoCollectionTests.swift */; };
		3549BB8C1DA38C0A00C63030 /* STPhotoCollectionTests.swift in Sources */ = {isa = PBXBuildFile; fileRef = 3549BB8A1DA38C0A00C63030 /* STPhotoCollectionTests.swift */; };
		3549BB8D1DA38C0A00C63030 /* STPhotoCollectionTests.swift in Sources */ = {isa = PBXBuildFile; fileRef = 3549BB8A1DA38C0A00C63030 /* STPhotoCollectionTests.swift */; };
		8501CCBF230FD09800F59DE1 /* STPhotoCore.framework in Frameworks */ = {isa = PBXBuildFile; fileRef = 8501CCBE230FD09800F59DE1 /* STPhotoCore.framework */; };
		8501CCC1230FD0E100F59DE1 /* STPhotoCore.framework in Frameworks */ = {isa = PBXBuildFile; fileRef = 8501CCBE230FD09800F59DE1 /* STPhotoCore.framework */; };
		8501CCDD230FD40400F59DE1 /* PhotosCollectionModels.swift in Sources */ = {isa = PBXBuildFile; fileRef = 8501CCC5230FD40400F59DE1 /* PhotosCollectionModels.swift */; };
		8501CCDE230FD40400F59DE1 /* PhotosCollectionInteractor.swift in Sources */ = {isa = PBXBuildFile; fileRef = 8501CCC6230FD40400F59DE1 /* PhotosCollectionInteractor.swift */; };
		8501CCDF230FD40400F59DE1 /* PhotoCollectionViewCell.swift in Sources */ = {isa = PBXBuildFile; fileRef = 8501CCC8230FD40400F59DE1 /* PhotoCollectionViewCell.swift */; };
		8501CCE0230FD40400F59DE1 /* PhotosCollectionRouter.swift in Sources */ = {isa = PBXBuildFile; fileRef = 8501CCC9230FD40400F59DE1 /* PhotosCollectionRouter.swift */; };
		8501CCE1230FD40400F59DE1 /* PhotosCollectionWorker.swift in Sources */ = {isa = PBXBuildFile; fileRef = 8501CCCA230FD40400F59DE1 /* PhotosCollectionWorker.swift */; };
		8501CCE2230FD40400F59DE1 /* PhotosCollectionPresenter.swift in Sources */ = {isa = PBXBuildFile; fileRef = 8501CCCB230FD40400F59DE1 /* PhotosCollectionPresenter.swift */; };
		8501CCE3230FD40400F59DE1 /* PhotosCollectionViewController.swift in Sources */ = {isa = PBXBuildFile; fileRef = 8501CCCD230FD40400F59DE1 /* PhotosCollectionViewController.swift */; };
		8501CCE4230FD40400F59DE1 /* PhotosCollectionViewController+Subviews.swift in Sources */ = {isa = PBXBuildFile; fileRef = 8501CCCE230FD40400F59DE1 /* PhotosCollectionViewController+Subviews.swift */; };
		8501CCE5230FD40400F59DE1 /* PhotosCollectionViewController+DataSource.swift in Sources */ = {isa = PBXBuildFile; fileRef = 8501CCCF230FD40400F59DE1 /* PhotosCollectionViewController+DataSource.swift */; };
		8501CCE6230FD40400F59DE1 /* PhotosCollectionViewController+DisplayLogic.swift in Sources */ = {isa = PBXBuildFile; fileRef = 8501CCD0230FD40400F59DE1 /* PhotosCollectionViewController+DisplayLogic.swift */; };
		8501CCE7230FD40400F59DE1 /* LoadingCollectionReusableView.swift in Sources */ = {isa = PBXBuildFile; fileRef = 8501CCD3230FD40400F59DE1 /* LoadingCollectionReusableView.swift */; };
		8501CCE8230FD40400F59DE1 /* NoPhotosCollectionFooterView.swift in Sources */ = {isa = PBXBuildFile; fileRef = 8501CCD5230FD40400F59DE1 /* NoPhotosCollectionFooterView.swift */; };
		8501CCE9230FD40400F59DE1 /* NoMorePhotosFooterView.swift in Sources */ = {isa = PBXBuildFile; fileRef = 8501CCD7230FD40400F59DE1 /* NoMorePhotosFooterView.swift */; };
		8501CCEA230FD40400F59DE1 /* EntityViewModel.swift in Sources */ = {isa = PBXBuildFile; fileRef = 8501CCD9230FD40400F59DE1 /* EntityViewModel.swift */; };
		8501CCEB230FD40400F59DE1 /* EntityView.swift in Sources */ = {isa = PBXBuildFile; fileRef = 8501CCDA230FD40400F59DE1 /* EntityView.swift */; };
		8501CCEC230FD40400F59DE1 /* PhotosCollectionViewLocalization.swift in Sources */ = {isa = PBXBuildFile; fileRef = 8501CCDC230FD40400F59DE1 /* PhotosCollectionViewLocalization.swift */; };
		8501CCF0230FD4FB00F59DE1 /* Bundle+Module.swift in Sources */ = {isa = PBXBuildFile; fileRef = 8501CCEF230FD4FB00F59DE1 /* Bundle+Module.swift */; };
		8501CCF3230FDA8C00F59DE1 /* UIColor+Hex.swift in Sources */ = {isa = PBXBuildFile; fileRef = 8501CCF2230FDA8C00F59DE1 /* UIColor+Hex.swift */; };
		8501CCF6230FF0C400F59DE1 /* STPhotoCollectionStyle.swift in Sources */ = {isa = PBXBuildFile; fileRef = 8501CCF5230FF0C400F59DE1 /* STPhotoCollectionStyle.swift */; };
		8501CD09230FF69B00F59DE1 /* GetLocationEntitiesOperationParseBuilder.swift in Sources */ = {isa = PBXBuildFile; fileRef = 8501CD05230FF69B00F59DE1 /* GetLocationEntitiesOperationParseBuilder.swift */; };
		8501CD0A230FF69B00F59DE1 /* GetLocationEntitiesOperationModel.swift in Sources */ = {isa = PBXBuildFile; fileRef = 8501CD06230FF69B00F59DE1 /* GetLocationEntitiesOperationModel.swift */; };
		8501CD0B230FF69B00F59DE1 /* GetLocationEntitiesOperationRequestBuilder.swift in Sources */ = {isa = PBXBuildFile; fileRef = 8501CD07230FF69B00F59DE1 /* GetLocationEntitiesOperationRequestBuilder.swift */; };
		8501CD0C230FF69B00F59DE1 /* GetLocationEntitiesOperation.swift in Sources */ = {isa = PBXBuildFile; fileRef = 8501CD08230FF69B00F59DE1 /* GetLocationEntitiesOperation.swift */; };
		8501CD10230FF6BC00F59DE1 /* GetLocationEntitiesLocalOperation.swift in Sources */ = {isa = PBXBuildFile; fileRef = 8501CD0F230FF6BC00F59DE1 /* GetLocationEntitiesLocalOperation.swift */; };
		8501CD4C230FF79100F59DE1 /* ServiceConfigurator.swift in Sources */ = {isa = PBXBuildFile; fileRef = 8501CD4B230FF79100F59DE1 /* ServiceConfigurator.swift */; };
		8501CD50230FF7F700F59DE1 /* LocationEntitiesNetworkService.swift in Sources */ = {isa = PBXBuildFile; fileRef = 8501CD4E230FF7F700F59DE1 /* LocationEntitiesNetworkService.swift */; };
		8501CD51230FF7F700F59DE1 /* LocationEntitiesServiceProtocol.swift in Sources */ = {isa = PBXBuildFile; fileRef = 8501CD4F230FF7F700F59DE1 /* LocationEntitiesServiceProtocol.swift */; };
		8501CD54230FF80700F59DE1 /* LocationEntitiesLocalService.swift in Sources */ = {isa = PBXBuildFile; fileRef = 8501CD53230FF80700F59DE1 /* LocationEntitiesLocalService.swift */; };
		8501CD57230FFB4100F59DE1 /* ImageLocalService.swift in Sources */ = {isa = PBXBuildFile; fileRef = 8501CD56230FFB4100F59DE1 /* ImageLocalService.swift */; };
		8501CD5B230FFB5200F59DE1 /* ImageNetworkService.swift in Sources */ = {isa = PBXBuildFile; fileRef = 8501CD59230FFB5200F59DE1 /* ImageNetworkService.swift */; };
		8501CD5C230FFB5200F59DE1 /* ImageServiceProtocol.swift in Sources */ = {isa = PBXBuildFile; fileRef = 8501CD5A230FFB5200F59DE1 /* ImageServiceProtocol.swift */; };
		8501CD61230FFBEA00F59DE1 /* GetImageOperation.swift in Sources */ = {isa = PBXBuildFile; fileRef = 8501CD5F230FFBEA00F59DE1 /* GetImageOperation.swift */; };
		8501CD62230FFBEA00F59DE1 /* GetImageOperationModel.swift in Sources */ = {isa = PBXBuildFile; fileRef = 8501CD60230FFBEA00F59DE1 /* GetImageOperationModel.swift */; };
		8501CD66230FFBF100F59DE1 /* GetImageLocalOperation.swift in Sources */ = {isa = PBXBuildFile; fileRef = 8501CD65230FFBF100F59DE1 /* GetImageLocalOperation.swift */; };
		8501CD6E2310049500F59DE1 /* GetPhotosOperationRequestBuilder.swift in Sources */ = {isa = PBXBuildFile; fileRef = 8501CD6B2310049400F59DE1 /* GetPhotosOperationRequestBuilder.swift */; };
		8501CD6F2310049500F59DE1 /* GetPhotosOperationModel.swift in Sources */ = {isa = PBXBuildFile; fileRef = 8501CD6C2310049400F59DE1 /* GetPhotosOperationModel.swift */; };
		8501CD702310049500F59DE1 /* GetPhotosOperation.swift in Sources */ = {isa = PBXBuildFile; fileRef = 8501CD6D2310049500F59DE1 /* GetPhotosOperation.swift */; };
		8501CD74231014A800F59DE1 /* GetPhotosLocalOperation.swift in Sources */ = {isa = PBXBuildFile; fileRef = 8501CD73231014A800F59DE1 /* GetPhotosLocalOperation.swift */; };
		8501CD772310168300F59DE1 /* PhotoPhotosLocalService.swift in Sources */ = {isa = PBXBuildFile; fileRef = 8501CD762310168300F59DE1 /* PhotoPhotosLocalService.swift */; };
		8501CD7A231016E700F59DE1 /* PhotoPhotosNetworkService.swift in Sources */ = {isa = PBXBuildFile; fileRef = 8501CD78231016E700F59DE1 /* PhotoPhotosNetworkService.swift */; };
		8501CD7B231016E700F59DE1 /* PhotoPhotosServiceProtocol.swift in Sources */ = {isa = PBXBuildFile; fileRef = 8501CD79231016E700F59DE1 /* PhotoPhotosServiceProtocol.swift */; };
		8501CD892310220600F59DE1 /* PhotosCollectionInteractorTests.swift in Sources */ = {isa = PBXBuildFile; fileRef = 8501CD7D2310220600F59DE1 /* PhotosCollectionInteractorTests.swift */; };
		8501CD8A2310220600F59DE1 /* PhotosCollectionWorkerTests.swift in Sources */ = {isa = PBXBuildFile; fileRef = 8501CD7E2310220600F59DE1 /* PhotosCollectionWorkerTests.swift */; };
		8501CD8B2310220600F59DE1 /* PhotosCollectionPresenterTests.swift in Sources */ = {isa = PBXBuildFile; fileRef = 8501CD7F2310220600F59DE1 /* PhotosCollectionPresenterTests.swift */; };
		8501CD8C2310220600F59DE1 /* PhotosCollectionSeeds.swift in Sources */ = {isa = PBXBuildFile; fileRef = 8501CD812310220600F59DE1 /* PhotosCollectionSeeds.swift */; };
		8501CD8D2310220600F59DE1 /* PhotosCollectionViewControllerTests.swift in Sources */ = {isa = PBXBuildFile; fileRef = 8501CD822310220600F59DE1 /* PhotosCollectionViewControllerTests.swift */; };
		8501CD8E2310220600F59DE1 /* PhotosCollectionDisplayLogicSpy.swift in Sources */ = {isa = PBXBuildFile; fileRef = 8501CD842310220600F59DE1 /* PhotosCollectionDisplayLogicSpy.swift */; };
		8501CD8F2310220600F59DE1 /* PhotosCollectionRoutingLogicSpy.swift in Sources */ = {isa = PBXBuildFile; fileRef = 8501CD852310220600F59DE1 /* PhotosCollectionRoutingLogicSpy.swift */; };
		8501CD902310220600F59DE1 /* PhotosCollectionBusinessLogicSpy.swift in Sources */ = {isa = PBXBuildFile; fileRef = 8501CD862310220600F59DE1 /* PhotosCollectionBusinessLogicSpy.swift */; };
		8501CD912310220600F59DE1 /* PhotosCollectionPresentationLogicSpy.swift in Sources */ = {isa = PBXBuildFile; fileRef = 8501CD872310220600F59DE1 /* PhotosCollectionPresentationLogicSpy.swift */; };
		8501CD922310220600F59DE1 /* PhotosCollectionWorkerSpy.swift in Sources */ = {isa = PBXBuildFile; fileRef = 8501CD882310220600F59DE1 /* PhotosCollectionWorkerSpy.swift */; };
		8501CD962310308200F59DE1 /* Assets.xcassets in Resources */ = {isa = PBXBuildFile; fileRef = 8501CD9423102F2500F59DE1 /* Assets.xcassets */; };
		851765172316A39600AEDD1C /* PhotoCollectionViewControllerDelegateSpy.swift in Sources */ = {isa = PBXBuildFile; fileRef = 851765162316A39600AEDD1C /* PhotoCollectionViewControllerDelegateSpy.swift */; };
/* End PBXBuildFile section */

/* Begin PBXContainerItemProxy section */
		3549BB671DA38ADB00C63030 /* PBXContainerItemProxy */ = {
			isa = PBXContainerItemProxy;
			containerPortal = 3549BAFC1DA387DB00C63030 /* Project object */;
			proxyType = 1;
			remoteGlobalIDString = 3549BB201DA389CD00C63030;
			remoteInfo = "STPhotoCollection-iOS";
		};
		3549BB761DA38AEF00C63030 /* PBXContainerItemProxy */ = {
			isa = PBXContainerItemProxy;
			containerPortal = 3549BAFC1DA387DB00C63030 /* Project object */;
			proxyType = 1;
			remoteGlobalIDString = 3549BB471DA389F300C63030;
			remoteInfo = "STPhotoCollection-tvOS";
		};
		3549BB851DA38B0000C63030 /* PBXContainerItemProxy */ = {
			isa = PBXContainerItemProxy;
			containerPortal = 3549BAFC1DA387DB00C63030 /* Project object */;
			proxyType = 1;
			remoteGlobalIDString = 3549BB3A1DA389E800C63030;
			remoteInfo = "STPhotoCollection-macOS";
		};
/* End PBXContainerItemProxy section */

/* Begin PBXFileReference section */
		3549BB171DA3890B00C63030 /* Info.plist */ = {isa = PBXFileReference; fileEncoding = 4; lastKnownFileType = text.plist.xml; path = Info.plist; sourceTree = "<group>"; };
		3549BB181DA3890B00C63030 /* STPhotoCollection.h */ = {isa = PBXFileReference; fileEncoding = 4; lastKnownFileType = sourcecode.c.h; path = STPhotoCollection.h; sourceTree = "<group>"; };
		3549BB211DA389CD00C63030 /* STPhotoCollection.framework */ = {isa = PBXFileReference; explicitFileType = wrapper.framework; includeInIndex = 0; path = STPhotoCollection.framework; sourceTree = BUILT_PRODUCTS_DIR; };
		3549BB2E1DA389DB00C63030 /* STPhotoCollection.framework */ = {isa = PBXFileReference; explicitFileType = wrapper.framework; includeInIndex = 0; path = STPhotoCollection.framework; sourceTree = BUILT_PRODUCTS_DIR; };
		3549BB3B1DA389E800C63030 /* STPhotoCollection.framework */ = {isa = PBXFileReference; explicitFileType = wrapper.framework; includeInIndex = 0; path = STPhotoCollection.framework; sourceTree = BUILT_PRODUCTS_DIR; };
		3549BB481DA389F300C63030 /* STPhotoCollection.framework */ = {isa = PBXFileReference; explicitFileType = wrapper.framework; includeInIndex = 0; path = STPhotoCollection.framework; sourceTree = BUILT_PRODUCTS_DIR; };
		3549BB551DA38A5E00C63030 /* Info-tvOS.plist */ = {isa = PBXFileReference; fileEncoding = 4; lastKnownFileType = text.plist.xml; path = "Info-tvOS.plist"; sourceTree = "<group>"; };
		3549BB571DA38A8800C63030 /* Info-tvOS.plist */ = {isa = PBXFileReference; fileEncoding = 4; lastKnownFileType = text.plist.xml; path = "Info-tvOS.plist"; sourceTree = "<group>"; };
		3549BB581DA38A8800C63030 /* Info.plist */ = {isa = PBXFileReference; fileEncoding = 4; lastKnownFileType = text.plist.xml; path = Info.plist; sourceTree = "<group>"; };
		3549BB611DA38ADB00C63030 /* STPhotoCollectionTests-iOS.xctest */ = {isa = PBXFileReference; explicitFileType = wrapper.cfbundle; includeInIndex = 0; path = "STPhotoCollectionTests-iOS.xctest"; sourceTree = BUILT_PRODUCTS_DIR; };
		3549BB701DA38AEF00C63030 /* STPhotoCollectionTests-tvOS.xctest */ = {isa = PBXFileReference; explicitFileType = wrapper.cfbundle; includeInIndex = 0; path = "STPhotoCollectionTests-tvOS.xctest"; sourceTree = BUILT_PRODUCTS_DIR; };
		3549BB7F1DA38B0000C63030 /* STPhotoCollectionTests-macOS.xctest */ = {isa = PBXFileReference; explicitFileType = wrapper.cfbundle; includeInIndex = 0; path = "STPhotoCollectionTests-macOS.xctest"; sourceTree = BUILT_PRODUCTS_DIR; };
		3549BB8A1DA38C0A00C63030 /* STPhotoCollectionTests.swift */ = {isa = PBXFileReference; fileEncoding = 4; lastKnownFileType = sourcecode.swift; path = STPhotoCollectionTests.swift; sourceTree = "<group>"; };
		8501CCBE230FD09800F59DE1 /* STPhotoCore.framework */ = {isa = PBXFileReference; lastKnownFileType = wrapper.framework; name = STPhotoCore.framework; path = Carthage/Build/iOS/STPhotoCore.framework; sourceTree = "<group>"; };
		8501CCC5230FD40400F59DE1 /* PhotosCollectionModels.swift */ = {isa = PBXFileReference; fileEncoding = 4; lastKnownFileType = sourcecode.swift; path = PhotosCollectionModels.swift; sourceTree = "<group>"; };
		8501CCC6230FD40400F59DE1 /* PhotosCollectionInteractor.swift */ = {isa = PBXFileReference; fileEncoding = 4; lastKnownFileType = sourcecode.swift; path = PhotosCollectionInteractor.swift; sourceTree = "<group>"; };
		8501CCC8230FD40400F59DE1 /* PhotoCollectionViewCell.swift */ = {isa = PBXFileReference; fileEncoding = 4; lastKnownFileType = sourcecode.swift; path = PhotoCollectionViewCell.swift; sourceTree = "<group>"; };
		8501CCC9230FD40400F59DE1 /* PhotosCollectionRouter.swift */ = {isa = PBXFileReference; fileEncoding = 4; lastKnownFileType = sourcecode.swift; path = PhotosCollectionRouter.swift; sourceTree = "<group>"; };
		8501CCCA230FD40400F59DE1 /* PhotosCollectionWorker.swift */ = {isa = PBXFileReference; fileEncoding = 4; lastKnownFileType = sourcecode.swift; path = PhotosCollectionWorker.swift; sourceTree = "<group>"; };
		8501CCCB230FD40400F59DE1 /* PhotosCollectionPresenter.swift */ = {isa = PBXFileReference; fileEncoding = 4; lastKnownFileType = sourcecode.swift; path = PhotosCollectionPresenter.swift; sourceTree = "<group>"; };
		8501CCCD230FD40400F59DE1 /* PhotosCollectionViewController.swift */ = {isa = PBXFileReference; fileEncoding = 4; lastKnownFileType = sourcecode.swift; path = PhotosCollectionViewController.swift; sourceTree = "<group>"; };
		8501CCCE230FD40400F59DE1 /* PhotosCollectionViewController+Subviews.swift */ = {isa = PBXFileReference; fileEncoding = 4; lastKnownFileType = sourcecode.swift; path = "PhotosCollectionViewController+Subviews.swift"; sourceTree = "<group>"; };
		8501CCCF230FD40400F59DE1 /* PhotosCollectionViewController+DataSource.swift */ = {isa = PBXFileReference; fileEncoding = 4; lastKnownFileType = sourcecode.swift; path = "PhotosCollectionViewController+DataSource.swift"; sourceTree = "<group>"; };
		8501CCD0230FD40400F59DE1 /* PhotosCollectionViewController+DisplayLogic.swift */ = {isa = PBXFileReference; fileEncoding = 4; lastKnownFileType = sourcecode.swift; path = "PhotosCollectionViewController+DisplayLogic.swift"; sourceTree = "<group>"; };
		8501CCD3230FD40400F59DE1 /* LoadingCollectionReusableView.swift */ = {isa = PBXFileReference; fileEncoding = 4; lastKnownFileType = sourcecode.swift; path = LoadingCollectionReusableView.swift; sourceTree = "<group>"; };
		8501CCD5230FD40400F59DE1 /* NoPhotosCollectionFooterView.swift */ = {isa = PBXFileReference; fileEncoding = 4; lastKnownFileType = sourcecode.swift; path = NoPhotosCollectionFooterView.swift; sourceTree = "<group>"; };
		8501CCD7230FD40400F59DE1 /* NoMorePhotosFooterView.swift */ = {isa = PBXFileReference; fileEncoding = 4; lastKnownFileType = sourcecode.swift; path = NoMorePhotosFooterView.swift; sourceTree = "<group>"; };
		8501CCD9230FD40400F59DE1 /* EntityViewModel.swift */ = {isa = PBXFileReference; fileEncoding = 4; lastKnownFileType = sourcecode.swift; path = EntityViewModel.swift; sourceTree = "<group>"; };
		8501CCDA230FD40400F59DE1 /* EntityView.swift */ = {isa = PBXFileReference; fileEncoding = 4; lastKnownFileType = sourcecode.swift; path = EntityView.swift; sourceTree = "<group>"; };
		8501CCDC230FD40400F59DE1 /* PhotosCollectionViewLocalization.swift */ = {isa = PBXFileReference; fileEncoding = 4; lastKnownFileType = sourcecode.swift; path = PhotosCollectionViewLocalization.swift; sourceTree = "<group>"; };
		8501CCEF230FD4FB00F59DE1 /* Bundle+Module.swift */ = {isa = PBXFileReference; lastKnownFileType = sourcecode.swift; path = "Bundle+Module.swift"; sourceTree = "<group>"; };
		8501CCF2230FDA8C00F59DE1 /* UIColor+Hex.swift */ = {isa = PBXFileReference; lastKnownFileType = sourcecode.swift; path = "UIColor+Hex.swift"; sourceTree = "<group>"; };
		8501CCF5230FF0C400F59DE1 /* STPhotoCollectionStyle.swift */ = {isa = PBXFileReference; lastKnownFileType = sourcecode.swift; path = STPhotoCollectionStyle.swift; sourceTree = "<group>"; };
		8501CD05230FF69B00F59DE1 /* GetLocationEntitiesOperationParseBuilder.swift */ = {isa = PBXFileReference; fileEncoding = 4; lastKnownFileType = sourcecode.swift; path = GetLocationEntitiesOperationParseBuilder.swift; sourceTree = "<group>"; };
		8501CD06230FF69B00F59DE1 /* GetLocationEntitiesOperationModel.swift */ = {isa = PBXFileReference; fileEncoding = 4; lastKnownFileType = sourcecode.swift; path = GetLocationEntitiesOperationModel.swift; sourceTree = "<group>"; };
		8501CD07230FF69B00F59DE1 /* GetLocationEntitiesOperationRequestBuilder.swift */ = {isa = PBXFileReference; fileEncoding = 4; lastKnownFileType = sourcecode.swift; path = GetLocationEntitiesOperationRequestBuilder.swift; sourceTree = "<group>"; };
		8501CD08230FF69B00F59DE1 /* GetLocationEntitiesOperation.swift */ = {isa = PBXFileReference; fileEncoding = 4; lastKnownFileType = sourcecode.swift; path = GetLocationEntitiesOperation.swift; sourceTree = "<group>"; };
		8501CD0F230FF6BC00F59DE1 /* GetLocationEntitiesLocalOperation.swift */ = {isa = PBXFileReference; fileEncoding = 4; lastKnownFileType = sourcecode.swift; path = GetLocationEntitiesLocalOperation.swift; sourceTree = "<group>"; };
		8501CD4B230FF79100F59DE1 /* ServiceConfigurator.swift */ = {isa = PBXFileReference; fileEncoding = 4; lastKnownFileType = sourcecode.swift; path = ServiceConfigurator.swift; sourceTree = "<group>"; };
		8501CD4E230FF7F700F59DE1 /* LocationEntitiesNetworkService.swift */ = {isa = PBXFileReference; fileEncoding = 4; lastKnownFileType = sourcecode.swift; path = LocationEntitiesNetworkService.swift; sourceTree = "<group>"; };
		8501CD4F230FF7F700F59DE1 /* LocationEntitiesServiceProtocol.swift */ = {isa = PBXFileReference; fileEncoding = 4; lastKnownFileType = sourcecode.swift; path = LocationEntitiesServiceProtocol.swift; sourceTree = "<group>"; };
		8501CD53230FF80700F59DE1 /* LocationEntitiesLocalService.swift */ = {isa = PBXFileReference; fileEncoding = 4; lastKnownFileType = sourcecode.swift; path = LocationEntitiesLocalService.swift; sourceTree = "<group>"; };
		8501CD56230FFB4100F59DE1 /* ImageLocalService.swift */ = {isa = PBXFileReference; fileEncoding = 4; lastKnownFileType = sourcecode.swift; path = ImageLocalService.swift; sourceTree = "<group>"; };
		8501CD59230FFB5200F59DE1 /* ImageNetworkService.swift */ = {isa = PBXFileReference; fileEncoding = 4; lastKnownFileType = sourcecode.swift; path = ImageNetworkService.swift; sourceTree = "<group>"; };
		8501CD5A230FFB5200F59DE1 /* ImageServiceProtocol.swift */ = {isa = PBXFileReference; fileEncoding = 4; lastKnownFileType = sourcecode.swift; path = ImageServiceProtocol.swift; sourceTree = "<group>"; };
		8501CD5F230FFBEA00F59DE1 /* GetImageOperation.swift */ = {isa = PBXFileReference; fileEncoding = 4; lastKnownFileType = sourcecode.swift; path = GetImageOperation.swift; sourceTree = "<group>"; };
		8501CD60230FFBEA00F59DE1 /* GetImageOperationModel.swift */ = {isa = PBXFileReference; fileEncoding = 4; lastKnownFileType = sourcecode.swift; path = GetImageOperationModel.swift; sourceTree = "<group>"; };
		8501CD65230FFBF100F59DE1 /* GetImageLocalOperation.swift */ = {isa = PBXFileReference; fileEncoding = 4; lastKnownFileType = sourcecode.swift; path = GetImageLocalOperation.swift; sourceTree = "<group>"; };
		8501CD6B2310049400F59DE1 /* GetPhotosOperationRequestBuilder.swift */ = {isa = PBXFileReference; fileEncoding = 4; lastKnownFileType = sourcecode.swift; path = GetPhotosOperationRequestBuilder.swift; sourceTree = "<group>"; };
		8501CD6C2310049400F59DE1 /* GetPhotosOperationModel.swift */ = {isa = PBXFileReference; fileEncoding = 4; lastKnownFileType = sourcecode.swift; path = GetPhotosOperationModel.swift; sourceTree = "<group>"; };
		8501CD6D2310049500F59DE1 /* GetPhotosOperation.swift */ = {isa = PBXFileReference; fileEncoding = 4; lastKnownFileType = sourcecode.swift; path = GetPhotosOperation.swift; sourceTree = "<group>"; };
		8501CD73231014A800F59DE1 /* GetPhotosLocalOperation.swift */ = {isa = PBXFileReference; fileEncoding = 4; lastKnownFileType = sourcecode.swift; path = GetPhotosLocalOperation.swift; sourceTree = "<group>"; };
		8501CD762310168300F59DE1 /* PhotoPhotosLocalService.swift */ = {isa = PBXFileReference; fileEncoding = 4; lastKnownFileType = sourcecode.swift; path = PhotoPhotosLocalService.swift; sourceTree = "<group>"; };
		8501CD78231016E700F59DE1 /* PhotoPhotosNetworkService.swift */ = {isa = PBXFileReference; fileEncoding = 4; lastKnownFileType = sourcecode.swift; path = PhotoPhotosNetworkService.swift; sourceTree = "<group>"; };
		8501CD79231016E700F59DE1 /* PhotoPhotosServiceProtocol.swift */ = {isa = PBXFileReference; fileEncoding = 4; lastKnownFileType = sourcecode.swift; path = PhotoPhotosServiceProtocol.swift; sourceTree = "<group>"; };
		8501CD7D2310220600F59DE1 /* PhotosCollectionInteractorTests.swift */ = {isa = PBXFileReference; fileEncoding = 4; lastKnownFileType = sourcecode.swift; path = PhotosCollectionInteractorTests.swift; sourceTree = "<group>"; };
		8501CD7E2310220600F59DE1 /* PhotosCollectionWorkerTests.swift */ = {isa = PBXFileReference; fileEncoding = 4; lastKnownFileType = sourcecode.swift; path = PhotosCollectionWorkerTests.swift; sourceTree = "<group>"; };
		8501CD7F2310220600F59DE1 /* PhotosCollectionPresenterTests.swift */ = {isa = PBXFileReference; fileEncoding = 4; lastKnownFileType = sourcecode.swift; path = PhotosCollectionPresenterTests.swift; sourceTree = "<group>"; };
		8501CD812310220600F59DE1 /* PhotosCollectionSeeds.swift */ = {isa = PBXFileReference; fileEncoding = 4; lastKnownFileType = sourcecode.swift; path = PhotosCollectionSeeds.swift; sourceTree = "<group>"; };
		8501CD822310220600F59DE1 /* PhotosCollectionViewControllerTests.swift */ = {isa = PBXFileReference; fileEncoding = 4; lastKnownFileType = sourcecode.swift; path = PhotosCollectionViewControllerTests.swift; sourceTree = "<group>"; };
		8501CD842310220600F59DE1 /* PhotosCollectionDisplayLogicSpy.swift */ = {isa = PBXFileReference; fileEncoding = 4; lastKnownFileType = sourcecode.swift; path = PhotosCollectionDisplayLogicSpy.swift; sourceTree = "<group>"; };
		8501CD852310220600F59DE1 /* PhotosCollectionRoutingLogicSpy.swift */ = {isa = PBXFileReference; fileEncoding = 4; lastKnownFileType = sourcecode.swift; path = PhotosCollectionRoutingLogicSpy.swift; sourceTree = "<group>"; };
		8501CD862310220600F59DE1 /* PhotosCollectionBusinessLogicSpy.swift */ = {isa = PBXFileReference; fileEncoding = 4; lastKnownFileType = sourcecode.swift; path = PhotosCollectionBusinessLogicSpy.swift; sourceTree = "<group>"; };
		8501CD872310220600F59DE1 /* PhotosCollectionPresentationLogicSpy.swift */ = {isa = PBXFileReference; fileEncoding = 4; lastKnownFileType = sourcecode.swift; path = PhotosCollectionPresentationLogicSpy.swift; sourceTree = "<group>"; };
		8501CD882310220600F59DE1 /* PhotosCollectionWorkerSpy.swift */ = {isa = PBXFileReference; fileEncoding = 4; lastKnownFileType = sourcecode.swift; path = PhotosCollectionWorkerSpy.swift; sourceTree = "<group>"; };
		8501CD9423102F2500F59DE1 /* Assets.xcassets */ = {isa = PBXFileReference; lastKnownFileType = folder.assetcatalog; path = Assets.xcassets; sourceTree = "<group>"; };
		851765162316A39600AEDD1C /* PhotoCollectionViewControllerDelegateSpy.swift */ = {isa = PBXFileReference; lastKnownFileType = sourcecode.swift; path = PhotoCollectionViewControllerDelegateSpy.swift; sourceTree = "<group>"; };
/* End PBXFileReference section */

/* Begin PBXFrameworksBuildPhase section */
		3549BB1D1DA389CD00C63030 /* Frameworks */ = {
			isa = PBXFrameworksBuildPhase;
			buildActionMask = 2147483647;
			files = (
				8501CCBF230FD09800F59DE1 /* STPhotoCore.framework in Frameworks */,
			);
			runOnlyForDeploymentPostprocessing = 0;
		};
		3549BB2A1DA389DB00C63030 /* Frameworks */ = {
			isa = PBXFrameworksBuildPhase;
			buildActionMask = 2147483647;
			files = (
			);
			runOnlyForDeploymentPostprocessing = 0;
		};
		3549BB371DA389E800C63030 /* Frameworks */ = {
			isa = PBXFrameworksBuildPhase;
			buildActionMask = 2147483647;
			files = (
			);
			runOnlyForDeploymentPostprocessing = 0;
		};
		3549BB441DA389F300C63030 /* Frameworks */ = {
			isa = PBXFrameworksBuildPhase;
			buildActionMask = 2147483647;
			files = (
			);
			runOnlyForDeploymentPostprocessing = 0;
		};
		3549BB5E1DA38ADB00C63030 /* Frameworks */ = {
			isa = PBXFrameworksBuildPhase;
			buildActionMask = 2147483647;
			files = (
				8501CCC1230FD0E100F59DE1 /* STPhotoCore.framework in Frameworks */,
				3549BB661DA38ADB00C63030 /* STPhotoCollection.framework in Frameworks */,
			);
			runOnlyForDeploymentPostprocessing = 0;
		};
		3549BB6D1DA38AEF00C63030 /* Frameworks */ = {
			isa = PBXFrameworksBuildPhase;
			buildActionMask = 2147483647;
			files = (
				3549BB751DA38AEF00C63030 /* STPhotoCollection.framework in Frameworks */,
			);
			runOnlyForDeploymentPostprocessing = 0;
		};
		3549BB7C1DA38B0000C63030 /* Frameworks */ = {
			isa = PBXFrameworksBuildPhase;
			buildActionMask = 2147483647;
			files = (
				3549BB841DA38B0000C63030 /* STPhotoCollection.framework in Frameworks */,
			);
			runOnlyForDeploymentPostprocessing = 0;
		};
/* End PBXFrameworksBuildPhase section */

/* Begin PBXGroup section */
		3549BAFB1DA387DB00C63030 = {
			isa = PBXGroup;
			children = (
				3549BB161DA3890B00C63030 /* Sources */,
				3549BB191DA3890B00C63030 /* Tests */,
				3549BB061DA387DB00C63030 /* Products */,
				357D954B1DA3F2B400AEC55F /* Frameworks */,
			);
			sourceTree = "<group>";
		};
		3549BB061DA387DB00C63030 /* Products */ = {
			isa = PBXGroup;
			children = (
				3549BB211DA389CD00C63030 /* STPhotoCollection.framework */,
				3549BB2E1DA389DB00C63030 /* STPhotoCollection.framework */,
				3549BB3B1DA389E800C63030 /* STPhotoCollection.framework */,
				3549BB481DA389F300C63030 /* STPhotoCollection.framework */,
				3549BB611DA38ADB00C63030 /* STPhotoCollectionTests-iOS.xctest */,
				3549BB701DA38AEF00C63030 /* STPhotoCollectionTests-tvOS.xctest */,
				3549BB7F1DA38B0000C63030 /* STPhotoCollectionTests-macOS.xctest */,
			);
			name = Products;
			sourceTree = "<group>";
		};
		3549BB161DA3890B00C63030 /* Sources */ = {
			isa = PBXGroup;
			children = (
				8501CD9323102F1700F59DE1 /* Resources */,
				8501CD47230FF75900F59DE1 /* Services */,
				8501CCF7230FF4ED00F59DE1 /* Operations */,
				8501CCED230FD4E200F59DE1 /* Extensions */,
				8501CCC3230FD3F500F59DE1 /* Scenes */,
				3549BB541DA38A4000C63030 /* Supporting Files */,
			);
			path = Sources;
			sourceTree = "<group>";
		};
		3549BB191DA3890B00C63030 /* Tests */ = {
			isa = PBXGroup;
			children = (
				8501CD7C2310220600F59DE1 /* Photos Collection */,
				3549BB8A1DA38C0A00C63030 /* STPhotoCollectionTests.swift */,
				3549BB5B1DA38A8C00C63030 /* Supporting Files */,
			);
			path = Tests;
			sourceTree = "<group>";
		};
		3549BB541DA38A4000C63030 /* Supporting Files */ = {
			isa = PBXGroup;
			children = (
				3549BB181DA3890B00C63030 /* STPhotoCollection.h */,
				3549BB171DA3890B00C63030 /* Info.plist */,
				3549BB551DA38A5E00C63030 /* Info-tvOS.plist */,
			);
			name = "Supporting Files";
			sourceTree = "<group>";
		};
		3549BB5B1DA38A8C00C63030 /* Supporting Files */ = {
			isa = PBXGroup;
			children = (
				3549BB581DA38A8800C63030 /* Info.plist */,
				3549BB571DA38A8800C63030 /* Info-tvOS.plist */,
			);
			name = "Supporting Files";
			sourceTree = "<group>";
		};
		357D954B1DA3F2B400AEC55F /* Frameworks */ = {
			isa = PBXGroup;
			children = (
				8501CCBE230FD09800F59DE1 /* STPhotoCore.framework */,
			);
			name = Frameworks;
			sourceTree = "<group>";
		};
		8501CCC3230FD3F500F59DE1 /* Scenes */ = {
			isa = PBXGroup;
			children = (
				8501CCC4230FD40400F59DE1 /* Photos Collection */,
			);
			path = Scenes;
			sourceTree = "<group>";
		};
		8501CCC4230FD40400F59DE1 /* Photos Collection */ = {
			isa = PBXGroup;
			children = (
				8501CCF4230FF0AD00F59DE1 /* Style */,
				8501CCC5230FD40400F59DE1 /* PhotosCollectionModels.swift */,
				8501CCC6230FD40400F59DE1 /* PhotosCollectionInteractor.swift */,
				8501CCC7230FD40400F59DE1 /* Cells */,
				8501CCC9230FD40400F59DE1 /* PhotosCollectionRouter.swift */,
				8501CCCA230FD40400F59DE1 /* PhotosCollectionWorker.swift */,
				8501CCCB230FD40400F59DE1 /* PhotosCollectionPresenter.swift */,
				8501CCCC230FD40400F59DE1 /* View Controller */,
				8501CCD1230FD40400F59DE1 /* Views */,
				8501CCDB230FD40400F59DE1 /* Localization */,
			);
			path = "Photos Collection";
			sourceTree = "<group>";
		};
		8501CCC7230FD40400F59DE1 /* Cells */ = {
			isa = PBXGroup;
			children = (
				8501CCC8230FD40400F59DE1 /* PhotoCollectionViewCell.swift */,
			);
			path = Cells;
			sourceTree = "<group>";
		};
		8501CCCC230FD40400F59DE1 /* View Controller */ = {
			isa = PBXGroup;
			children = (
				8501CCCD230FD40400F59DE1 /* PhotosCollectionViewController.swift */,
				8501CCCE230FD40400F59DE1 /* PhotosCollectionViewController+Subviews.swift */,
				8501CCCF230FD40400F59DE1 /* PhotosCollectionViewController+DataSource.swift */,
				8501CCD0230FD40400F59DE1 /* PhotosCollectionViewController+DisplayLogic.swift */,
			);
			path = "View Controller";
			sourceTree = "<group>";
		};
		8501CCD1230FD40400F59DE1 /* Views */ = {
			isa = PBXGroup;
			children = (
				8501CCD2230FD40400F59DE1 /* Loading Footer View */,
				8501CCD4230FD40400F59DE1 /* No Photos View */,
				8501CCD6230FD40400F59DE1 /* No More Photos View */,
				8501CCD8230FD40400F59DE1 /* Entity View */,
			);
			path = Views;
			sourceTree = "<group>";
		};
		8501CCD2230FD40400F59DE1 /* Loading Footer View */ = {
			isa = PBXGroup;
			children = (
				8501CCD3230FD40400F59DE1 /* LoadingCollectionReusableView.swift */,
			);
			path = "Loading Footer View";
			sourceTree = "<group>";
		};
		8501CCD4230FD40400F59DE1 /* No Photos View */ = {
			isa = PBXGroup;
			children = (
				8501CCD5230FD40400F59DE1 /* NoPhotosCollectionFooterView.swift */,
			);
			path = "No Photos View";
			sourceTree = "<group>";
		};
		8501CCD6230FD40400F59DE1 /* No More Photos View */ = {
			isa = PBXGroup;
			children = (
				8501CCD7230FD40400F59DE1 /* NoMorePhotosFooterView.swift */,
			);
			path = "No More Photos View";
			sourceTree = "<group>";
		};
		8501CCD8230FD40400F59DE1 /* Entity View */ = {
			isa = PBXGroup;
			children = (
				8501CCD9230FD40400F59DE1 /* EntityViewModel.swift */,
				8501CCDA230FD40400F59DE1 /* EntityView.swift */,
			);
			path = "Entity View";
			sourceTree = "<group>";
		};
		8501CCDB230FD40400F59DE1 /* Localization */ = {
			isa = PBXGroup;
			children = (
				8501CCDC230FD40400F59DE1 /* PhotosCollectionViewLocalization.swift */,
			);
			path = Localization;
			sourceTree = "<group>";
		};
		8501CCED230FD4E200F59DE1 /* Extensions */ = {
			isa = PBXGroup;
			children = (
				8501CCF1230FDA7100F59DE1 /* UIColor */,
				8501CCEE230FD4EC00F59DE1 /* Bundle */,
			);
			path = Extensions;
			sourceTree = "<group>";
		};
		8501CCEE230FD4EC00F59DE1 /* Bundle */ = {
			isa = PBXGroup;
			children = (
				8501CCEF230FD4FB00F59DE1 /* Bundle+Module.swift */,
			);
			path = Bundle;
			sourceTree = "<group>";
		};
		8501CCF1230FDA7100F59DE1 /* UIColor */ = {
			isa = PBXGroup;
			children = (
				8501CCF2230FDA8C00F59DE1 /* UIColor+Hex.swift */,
			);
			path = UIColor;
			sourceTree = "<group>";
		};
		8501CCF4230FF0AD00F59DE1 /* Style */ = {
			isa = PBXGroup;
			children = (
				8501CCF5230FF0C400F59DE1 /* STPhotoCollectionStyle.swift */,
			);
			path = Style;
			sourceTree = "<group>";
		};
		8501CCF7230FF4ED00F59DE1 /* Operations */ = {
			isa = PBXGroup;
			children = (
				8501CCF8230FF4FF00F59DE1 /* Local */,
				8501CCF9230FF4FF00F59DE1 /* Network */,
			);
			path = Operations;
			sourceTree = "<group>";
		};
		8501CCF8230FF4FF00F59DE1 /* Local */ = {
			isa = PBXGroup;
			children = (
				8501CD71231014A800F59DE1 /* Photos */,
				8501CD63230FFBF100F59DE1 /* Image */,
				8501CD0D230FF6BC00F59DE1 /* Location Entities */,
			);
			path = Local;
			sourceTree = "<group>";
		};
		8501CCF9230FF4FF00F59DE1 /* Network */ = {
			isa = PBXGroup;
			children = (
				8501CD69231002FD00F59DE1 /* Photos */,
				8501CD5D230FFBEA00F59DE1 /* Image */,
				8501CD03230FF69B00F59DE1 /* Location Entities */,
			);
			path = Network;
			sourceTree = "<group>";
		};
		8501CD03230FF69B00F59DE1 /* Location Entities */ = {
			isa = PBXGroup;
			children = (
				8501CD04230FF69B00F59DE1 /* Get */,
			);
			path = "Location Entities";
			sourceTree = "<group>";
		};
		8501CD04230FF69B00F59DE1 /* Get */ = {
			isa = PBXGroup;
			children = (
				8501CD05230FF69B00F59DE1 /* GetLocationEntitiesOperationParseBuilder.swift */,
				8501CD06230FF69B00F59DE1 /* GetLocationEntitiesOperationModel.swift */,
				8501CD07230FF69B00F59DE1 /* GetLocationEntitiesOperationRequestBuilder.swift */,
				8501CD08230FF69B00F59DE1 /* GetLocationEntitiesOperation.swift */,
			);
			path = Get;
			sourceTree = "<group>";
		};
		8501CD0D230FF6BC00F59DE1 /* Location Entities */ = {
			isa = PBXGroup;
			children = (
				8501CD0E230FF6BC00F59DE1 /* Get */,
			);
			path = "Location Entities";
			sourceTree = "<group>";
		};
		8501CD0E230FF6BC00F59DE1 /* Get */ = {
			isa = PBXGroup;
			children = (
				8501CD0F230FF6BC00F59DE1 /* GetLocationEntitiesLocalOperation.swift */,
			);
			path = Get;
			sourceTree = "<group>";
		};
		8501CD47230FF75900F59DE1 /* Services */ = {
			isa = PBXGroup;
			children = (
				8501CD48230FF77200F59DE1 /* Configurator */,
				8501CD49230FF77200F59DE1 /* Local */,
				8501CD4A230FF77200F59DE1 /* Network */,
			);
			path = Services;
			sourceTree = "<group>";
		};
		8501CD48230FF77200F59DE1 /* Configurator */ = {
			isa = PBXGroup;
			children = (
				8501CD4B230FF79100F59DE1 /* ServiceConfigurator.swift */,
			);
			path = Configurator;
			sourceTree = "<group>";
		};
		8501CD49230FF77200F59DE1 /* Local */ = {
			isa = PBXGroup;
			children = (
				8501CD672310018900F59DE1 /* Photos */,
				8501CD55230FFB4100F59DE1 /* Image */,
				8501CD52230FF80700F59DE1 /* Location Entities */,
			);
			path = Local;
			sourceTree = "<group>";
		};
		8501CD4A230FF77200F59DE1 /* Network */ = {
			isa = PBXGroup;
			children = (
				8501CD68231001CE00F59DE1 /* Photos */,
				8501CD58230FFB5200F59DE1 /* Image */,
				8501CD4D230FF7F700F59DE1 /* Location Entities */,
			);
			path = Network;
			sourceTree = "<group>";
		};
		8501CD4D230FF7F700F59DE1 /* Location Entities */ = {
			isa = PBXGroup;
			children = (
				8501CD4E230FF7F700F59DE1 /* LocationEntitiesNetworkService.swift */,
				8501CD4F230FF7F700F59DE1 /* LocationEntitiesServiceProtocol.swift */,
			);
			path = "Location Entities";
			sourceTree = "<group>";
		};
		8501CD52230FF80700F59DE1 /* Location Entities */ = {
			isa = PBXGroup;
			children = (
				8501CD53230FF80700F59DE1 /* LocationEntitiesLocalService.swift */,
			);
			path = "Location Entities";
			sourceTree = "<group>";
		};
		8501CD55230FFB4100F59DE1 /* Image */ = {
			isa = PBXGroup;
			children = (
				8501CD56230FFB4100F59DE1 /* ImageLocalService.swift */,
			);
			path = Image;
			sourceTree = "<group>";
		};
		8501CD58230FFB5200F59DE1 /* Image */ = {
			isa = PBXGroup;
			children = (
				8501CD59230FFB5200F59DE1 /* ImageNetworkService.swift */,
				8501CD5A230FFB5200F59DE1 /* ImageServiceProtocol.swift */,
			);
			path = Image;
			sourceTree = "<group>";
		};
		8501CD5D230FFBEA00F59DE1 /* Image */ = {
			isa = PBXGroup;
			children = (
				8501CD5E230FFBEA00F59DE1 /* Get */,
			);
			path = Image;
			sourceTree = "<group>";
		};
		8501CD5E230FFBEA00F59DE1 /* Get */ = {
			isa = PBXGroup;
			children = (
				8501CD5F230FFBEA00F59DE1 /* GetImageOperation.swift */,
				8501CD60230FFBEA00F59DE1 /* GetImageOperationModel.swift */,
			);
			path = Get;
			sourceTree = "<group>";
		};
		8501CD63230FFBF100F59DE1 /* Image */ = {
			isa = PBXGroup;
			children = (
				8501CD64230FFBF100F59DE1 /* Get */,
			);
			path = Image;
			sourceTree = "<group>";
		};
		8501CD64230FFBF100F59DE1 /* Get */ = {
			isa = PBXGroup;
			children = (
				8501CD65230FFBF100F59DE1 /* GetImageLocalOperation.swift */,
			);
			path = Get;
			sourceTree = "<group>";
		};
		8501CD672310018900F59DE1 /* Photos */ = {
			isa = PBXGroup;
			children = (
				8501CD762310168300F59DE1 /* PhotoPhotosLocalService.swift */,
			);
			path = Photos;
			sourceTree = "<group>";
		};
		8501CD68231001CE00F59DE1 /* Photos */ = {
			isa = PBXGroup;
			children = (
				8501CD78231016E700F59DE1 /* PhotoPhotosNetworkService.swift */,
				8501CD79231016E700F59DE1 /* PhotoPhotosServiceProtocol.swift */,
			);
			path = Photos;
			sourceTree = "<group>";
		};
		8501CD69231002FD00F59DE1 /* Photos */ = {
			isa = PBXGroup;
			children = (
				8501CD6A2310030B00F59DE1 /* Get */,
			);
			path = Photos;
			sourceTree = "<group>";
		};
		8501CD6A2310030B00F59DE1 /* Get */ = {
			isa = PBXGroup;
			children = (
				8501CD6D2310049500F59DE1 /* GetPhotosOperation.swift */,
				8501CD6C2310049400F59DE1 /* GetPhotosOperationModel.swift */,
				8501CD6B2310049400F59DE1 /* GetPhotosOperationRequestBuilder.swift */,
			);
			path = Get;
			sourceTree = "<group>";
		};
		8501CD71231014A800F59DE1 /* Photos */ = {
			isa = PBXGroup;
			children = (
				8501CD72231014A800F59DE1 /* Get */,
			);
			path = Photos;
			sourceTree = "<group>";
		};
		8501CD72231014A800F59DE1 /* Get */ = {
			isa = PBXGroup;
			children = (
				8501CD73231014A800F59DE1 /* GetPhotosLocalOperation.swift */,
			);
			path = Get;
			sourceTree = "<group>";
		};
		8501CD7C2310220600F59DE1 /* Photos Collection */ = {
			isa = PBXGroup;
			children = (
				8501CD7D2310220600F59DE1 /* PhotosCollectionInteractorTests.swift */,
				8501CD7E2310220600F59DE1 /* PhotosCollectionWorkerTests.swift */,
				8501CD7F2310220600F59DE1 /* PhotosCollectionPresenterTests.swift */,
				8501CD802310220600F59DE1 /* Seeds */,
				8501CD822310220600F59DE1 /* PhotosCollectionViewControllerTests.swift */,
				8501CD832310220600F59DE1 /* Test Doubles */,
			);
			path = "Photos Collection";
			sourceTree = "<group>";
		};
		8501CD802310220600F59DE1 /* Seeds */ = {
			isa = PBXGroup;
			children = (
				8501CD812310220600F59DE1 /* PhotosCollectionSeeds.swift */,
			);
			path = Seeds;
			sourceTree = "<group>";
		};
		8501CD832310220600F59DE1 /* Test Doubles */ = {
			isa = PBXGroup;
			children = (
				8501CD842310220600F59DE1 /* PhotosCollectionDisplayLogicSpy.swift */,
				8501CD852310220600F59DE1 /* PhotosCollectionRoutingLogicSpy.swift */,
				8501CD862310220600F59DE1 /* PhotosCollectionBusinessLogicSpy.swift */,
				8501CD872310220600F59DE1 /* PhotosCollectionPresentationLogicSpy.swift */,
				8501CD882310220600F59DE1 /* PhotosCollectionWorkerSpy.swift */,
				851765162316A39600AEDD1C /* PhotoCollectionViewControllerDelegateSpy.swift */,
			);
			path = "Test Doubles";
			sourceTree = "<group>";
		};
		8501CD9323102F1700F59DE1 /* Resources */ = {
			isa = PBXGroup;
			children = (
				8501CD9423102F2500F59DE1 /* Assets.xcassets */,
			);
			path = Resources;
			sourceTree = "<group>";
		};
/* End PBXGroup section */

/* Begin PBXHeadersBuildPhase section */
		3549BB1E1DA389CD00C63030 /* Headers */ = {
			isa = PBXHeadersBuildPhase;
			buildActionMask = 2147483647;
			files = (
				3549BB501DA38A2000C63030 /* STPhotoCollection.h in Headers */,
			);
			runOnlyForDeploymentPostprocessing = 0;
		};
		3549BB2B1DA389DB00C63030 /* Headers */ = {
			isa = PBXHeadersBuildPhase;
			buildActionMask = 2147483647;
			files = (
				3549BB521DA38A2100C63030 /* STPhotoCollection.h in Headers */,
			);
			runOnlyForDeploymentPostprocessing = 0;
		};
		3549BB381DA389E800C63030 /* Headers */ = {
			isa = PBXHeadersBuildPhase;
			buildActionMask = 2147483647;
			files = (
				3549BB531DA38A2200C63030 /* STPhotoCollection.h in Headers */,
			);
			runOnlyForDeploymentPostprocessing = 0;
		};
		3549BB451DA389F300C63030 /* Headers */ = {
			isa = PBXHeadersBuildPhase;
			buildActionMask = 2147483647;
			files = (
				3549BB511DA38A2000C63030 /* STPhotoCollection.h in Headers */,
			);
			runOnlyForDeploymentPostprocessing = 0;
		};
/* End PBXHeadersBuildPhase section */

/* Begin PBXNativeTarget section */
		3549BB201DA389CD00C63030 /* STPhotoCollection-iOS */ = {
			isa = PBXNativeTarget;
			buildConfigurationList = 3549BB261DA389CD00C63030 /* Build configuration list for PBXNativeTarget "STPhotoCollection-iOS" */;
			buildPhases = (
				3549BB1C1DA389CD00C63030 /* Sources */,
				3549BB1D1DA389CD00C63030 /* Frameworks */,
				3549BB1E1DA389CD00C63030 /* Headers */,
				3549BB1F1DA389CD00C63030 /* Resources */,
				8501CCC0230FD09F00F59DE1 /* ShellScript */,
			);
			buildRules = (
			);
			dependencies = (
			);
			name = "STPhotoCollection-iOS";
			productName = "STPhotoCollection-iOS";
			productReference = 3549BB211DA389CD00C63030 /* STPhotoCollection.framework */;
			productType = "com.apple.product-type.framework";
		};
		3549BB2D1DA389DB00C63030 /* STPhotoCollection-watchOS */ = {
			isa = PBXNativeTarget;
			buildConfigurationList = 3549BB331DA389DB00C63030 /* Build configuration list for PBXNativeTarget "STPhotoCollection-watchOS" */;
			buildPhases = (
				3549BB291DA389DB00C63030 /* Sources */,
				3549BB2A1DA389DB00C63030 /* Frameworks */,
				3549BB2B1DA389DB00C63030 /* Headers */,
				3549BB2C1DA389DB00C63030 /* Resources */,
			);
			buildRules = (
			);
			dependencies = (
			);
			name = "STPhotoCollection-watchOS";
			productName = "STPhotoCollection-watchOS";
			productReference = 3549BB2E1DA389DB00C63030 /* STPhotoCollection.framework */;
			productType = "com.apple.product-type.framework";
		};
		3549BB3A1DA389E800C63030 /* STPhotoCollection-macOS */ = {
			isa = PBXNativeTarget;
			buildConfigurationList = 3549BB401DA389E800C63030 /* Build configuration list for PBXNativeTarget "STPhotoCollection-macOS" */;
			buildPhases = (
				3549BB361DA389E800C63030 /* Sources */,
				3549BB371DA389E800C63030 /* Frameworks */,
				3549BB381DA389E800C63030 /* Headers */,
				3549BB391DA389E800C63030 /* Resources */,
			);
			buildRules = (
			);
			dependencies = (
			);
			name = "STPhotoCollection-macOS";
			productName = "STPhotoCollection-macOS";
			productReference = 3549BB3B1DA389E800C63030 /* STPhotoCollection.framework */;
			productType = "com.apple.product-type.framework";
		};
		3549BB471DA389F300C63030 /* STPhotoCollection-tvOS */ = {
			isa = PBXNativeTarget;
			buildConfigurationList = 3549BB4D1DA389F300C63030 /* Build configuration list for PBXNativeTarget "STPhotoCollection-tvOS" */;
			buildPhases = (
				3549BB431DA389F300C63030 /* Sources */,
				3549BB441DA389F300C63030 /* Frameworks */,
				3549BB451DA389F300C63030 /* Headers */,
				3549BB461DA389F300C63030 /* Resources */,
			);
			buildRules = (
			);
			dependencies = (
			);
			name = "STPhotoCollection-tvOS";
			productName = "STPhotoCollection-tvOS";
			productReference = 3549BB481DA389F300C63030 /* STPhotoCollection.framework */;
			productType = "com.apple.product-type.framework";
		};
		3549BB601DA38ADB00C63030 /* STPhotoCollectionTests-iOS */ = {
			isa = PBXNativeTarget;
			buildConfigurationList = 3549BB691DA38ADB00C63030 /* Build configuration list for PBXNativeTarget "STPhotoCollectionTests-iOS" */;
			buildPhases = (
				3549BB5D1DA38ADB00C63030 /* Sources */,
				3549BB5E1DA38ADB00C63030 /* Frameworks */,
				3549BB5F1DA38ADB00C63030 /* Resources */,
				8501CCC2230FD0E500F59DE1 /* ShellScript */,
			);
			buildRules = (
			);
			dependencies = (
				3549BB681DA38ADB00C63030 /* PBXTargetDependency */,
			);
			name = "STPhotoCollectionTests-iOS";
			productName = "STPhotoCollectionTests-iOS";
			productReference = 3549BB611DA38ADB00C63030 /* STPhotoCollectionTests-iOS.xctest */;
			productType = "com.apple.product-type.bundle.unit-test";
		};
		3549BB6F1DA38AEF00C63030 /* STPhotoCollectionTests-tvOS */ = {
			isa = PBXNativeTarget;
			buildConfigurationList = 3549BB781DA38AEF00C63030 /* Build configuration list for PBXNativeTarget "STPhotoCollectionTests-tvOS" */;
			buildPhases = (
				3549BB6C1DA38AEF00C63030 /* Sources */,
				3549BB6D1DA38AEF00C63030 /* Frameworks */,
				3549BB6E1DA38AEF00C63030 /* Resources */,
			);
			buildRules = (
			);
			dependencies = (
				3549BB771DA38AEF00C63030 /* PBXTargetDependency */,
			);
			name = "STPhotoCollectionTests-tvOS";
			productName = "STPhotoCollectionTests-tvOS";
			productReference = 3549BB701DA38AEF00C63030 /* STPhotoCollectionTests-tvOS.xctest */;
			productType = "com.apple.product-type.bundle.unit-test";
		};
		3549BB7E1DA38B0000C63030 /* STPhotoCollectionTests-macOS */ = {
			isa = PBXNativeTarget;
			buildConfigurationList = 3549BB871DA38B0000C63030 /* Build configuration list for PBXNativeTarget "STPhotoCollectionTests-macOS" */;
			buildPhases = (
				3549BB7B1DA38B0000C63030 /* Sources */,
				3549BB7C1DA38B0000C63030 /* Frameworks */,
				3549BB7D1DA38B0000C63030 /* Resources */,
			);
			buildRules = (
			);
			dependencies = (
				3549BB861DA38B0000C63030 /* PBXTargetDependency */,
			);
			name = "STPhotoCollectionTests-macOS";
			productName = "STPhotoCollectionTests-macOS";
			productReference = 3549BB7F1DA38B0000C63030 /* STPhotoCollectionTests-macOS.xctest */;
			productType = "com.apple.product-type.bundle.unit-test";
		};
/* End PBXNativeTarget section */

/* Begin PBXProject section */
		3549BAFC1DA387DB00C63030 /* Project object */ = {
			isa = PBXProject;
			attributes = {
				LastSwiftUpdateCheck = 0800;
				LastUpgradeCheck = 0930;
				ORGANIZATIONNAME = mikelanza;
				TargetAttributes = {
					3549BB201DA389CD00C63030 = {
						CreatedOnToolsVersion = 8.0;
						LastSwiftMigration = 1020;
						ProvisioningStyle = Automatic;
					};
					3549BB2D1DA389DB00C63030 = {
						CreatedOnToolsVersion = 8.0;
						LastSwiftMigration = "";
						ProvisioningStyle = Automatic;
					};
					3549BB3A1DA389E800C63030 = {
						CreatedOnToolsVersion = 8.0;
						LastSwiftMigration = 0900;
						ProvisioningStyle = Automatic;
					};
					3549BB471DA389F300C63030 = {
						CreatedOnToolsVersion = 8.0;
						LastSwiftMigration = 0900;
						ProvisioningStyle = Automatic;
					};
					3549BB601DA38ADB00C63030 = {
						CreatedOnToolsVersion = 8.0;
						LastSwiftMigration = 1020;
						ProvisioningStyle = Automatic;
					};
					3549BB6F1DA38AEF00C63030 = {
						CreatedOnToolsVersion = 8.0;
						LastSwiftMigration = 0900;
						ProvisioningStyle = Automatic;
					};
					3549BB7E1DA38B0000C63030 = {
						CreatedOnToolsVersion = 8.0;
						LastSwiftMigration = 0900;
						ProvisioningStyle = Automatic;
					};
				};
			};
			buildConfigurationList = 3549BAFF1DA387DB00C63030 /* Build configuration list for PBXProject "STPhotoCollection" */;
			compatibilityVersion = "Xcode 3.2";
			developmentRegion = en;
			hasScannedForEncodings = 0;
			knownRegions = (
				en,
				Base,
			);
			mainGroup = 3549BAFB1DA387DB00C63030;
			productRefGroup = 3549BB061DA387DB00C63030 /* Products */;
			projectDirPath = "";
			projectRoot = "";
			targets = (
				3549BB201DA389CD00C63030 /* STPhotoCollection-iOS */,
				3549BB601DA38ADB00C63030 /* STPhotoCollectionTests-iOS */,
				3549BB3A1DA389E800C63030 /* STPhotoCollection-macOS */,
				3549BB7E1DA38B0000C63030 /* STPhotoCollectionTests-macOS */,
				3549BB471DA389F300C63030 /* STPhotoCollection-tvOS */,
				3549BB6F1DA38AEF00C63030 /* STPhotoCollectionTests-tvOS */,
				3549BB2D1DA389DB00C63030 /* STPhotoCollection-watchOS */,
			);
		};
/* End PBXProject section */

/* Begin PBXResourcesBuildPhase section */
		3549BB1F1DA389CD00C63030 /* Resources */ = {
			isa = PBXResourcesBuildPhase;
			buildActionMask = 2147483647;
			files = (
				8501CD962310308200F59DE1 /* Assets.xcassets in Resources */,
			);
			runOnlyForDeploymentPostprocessing = 0;
		};
		3549BB2C1DA389DB00C63030 /* Resources */ = {
			isa = PBXResourcesBuildPhase;
			buildActionMask = 2147483647;
			files = (
			);
			runOnlyForDeploymentPostprocessing = 0;
		};
		3549BB391DA389E800C63030 /* Resources */ = {
			isa = PBXResourcesBuildPhase;
			buildActionMask = 2147483647;
			files = (
			);
			runOnlyForDeploymentPostprocessing = 0;
		};
		3549BB461DA389F300C63030 /* Resources */ = {
			isa = PBXResourcesBuildPhase;
			buildActionMask = 2147483647;
			files = (
			);
			runOnlyForDeploymentPostprocessing = 0;
		};
		3549BB5F1DA38ADB00C63030 /* Resources */ = {
			isa = PBXResourcesBuildPhase;
			buildActionMask = 2147483647;
			files = (
			);
			runOnlyForDeploymentPostprocessing = 0;
		};
		3549BB6E1DA38AEF00C63030 /* Resources */ = {
			isa = PBXResourcesBuildPhase;
			buildActionMask = 2147483647;
			files = (
			);
			runOnlyForDeploymentPostprocessing = 0;
		};
		3549BB7D1DA38B0000C63030 /* Resources */ = {
			isa = PBXResourcesBuildPhase;
			buildActionMask = 2147483647;
			files = (
			);
			runOnlyForDeploymentPostprocessing = 0;
		};
/* End PBXResourcesBuildPhase section */

/* Begin PBXShellScriptBuildPhase section */
		8501CCC0230FD09F00F59DE1 /* ShellScript */ = {
			isa = PBXShellScriptBuildPhase;
			buildActionMask = 2147483647;
			files = (
			);
			inputFileListPaths = (
			);
			inputPaths = (
				"$(SRCROOT)/Carthage/Build/iOS/STPhotoCore.framework",
			);
			outputFileListPaths = (
			);
			outputPaths = (
				"$(BUILT_PRODUCTS_DIR)/$(FRAMEWORKS_FOLDER_PATH)/STPhotoCore.framework",
			);
			runOnlyForDeploymentPostprocessing = 0;
			shellPath = /bin/sh;
			shellScript = "/usr/local/bin/carthage copy-frameworks \n";
		};
		8501CCC2230FD0E500F59DE1 /* ShellScript */ = {
			isa = PBXShellScriptBuildPhase;
			buildActionMask = 2147483647;
			files = (
			);
			inputFileListPaths = (
			);
			inputPaths = (
				"$(SRCROOT)/Carthage/Build/iOS/STPhotoCore.framework",
			);
			outputFileListPaths = (
			);
			outputPaths = (
				"$(BUILT_PRODUCTS_DIR)/$(FRAMEWORKS_FOLDER_PATH)/STPhotoCore.framework",
			);
			runOnlyForDeploymentPostprocessing = 0;
			shellPath = /bin/sh;
			shellScript = "/usr/local/bin/carthage copy-frameworks\n";
		};
/* End PBXShellScriptBuildPhase section */

/* Begin PBXSourcesBuildPhase section */
		3549BB1C1DA389CD00C63030 /* Sources */ = {
			isa = PBXSourcesBuildPhase;
			buildActionMask = 2147483647;
			files = (
				8501CCDE230FD40400F59DE1 /* PhotosCollectionInteractor.swift in Sources */,
				8501CCE0230FD40400F59DE1 /* PhotosCollectionRouter.swift in Sources */,
				8501CD74231014A800F59DE1 /* GetPhotosLocalOperation.swift in Sources */,
				8501CD0B230FF69B00F59DE1 /* GetLocationEntitiesOperationRequestBuilder.swift in Sources */,
				8501CCE9230FD40400F59DE1 /* NoMorePhotosFooterView.swift in Sources */,
				8501CD10230FF6BC00F59DE1 /* GetLocationEntitiesLocalOperation.swift in Sources */,
				8501CD51230FF7F700F59DE1 /* LocationEntitiesServiceProtocol.swift in Sources */,
				8501CD61230FFBEA00F59DE1 /* GetImageOperation.swift in Sources */,
				8501CD0C230FF69B00F59DE1 /* GetLocationEntitiesOperation.swift in Sources */,
				8501CD54230FF80700F59DE1 /* LocationEntitiesLocalService.swift in Sources */,
				8501CD5C230FFB5200F59DE1 /* ImageServiceProtocol.swift in Sources */,
				8501CCF3230FDA8C00F59DE1 /* UIColor+Hex.swift in Sources */,
				8501CCE5230FD40400F59DE1 /* PhotosCollectionViewController+DataSource.swift in Sources */,
				8501CD57230FFB4100F59DE1 /* ImageLocalService.swift in Sources */,
				8501CD7B231016E700F59DE1 /* PhotoPhotosServiceProtocol.swift in Sources */,
				8501CD6E2310049500F59DE1 /* GetPhotosOperationRequestBuilder.swift in Sources */,
				8501CCE6230FD40400F59DE1 /* PhotosCollectionViewController+DisplayLogic.swift in Sources */,
				8501CD66230FFBF100F59DE1 /* GetImageLocalOperation.swift in Sources */,
				8501CCF0230FD4FB00F59DE1 /* Bundle+Module.swift in Sources */,
				8501CCF6230FF0C400F59DE1 /* STPhotoCollectionStyle.swift in Sources */,
				8501CCDD230FD40400F59DE1 /* PhotosCollectionModels.swift in Sources */,
				8501CCE8230FD40400F59DE1 /* NoPhotosCollectionFooterView.swift in Sources */,
				8501CD7A231016E700F59DE1 /* PhotoPhotosNetworkService.swift in Sources */,
				8501CD09230FF69B00F59DE1 /* GetLocationEntitiesOperationParseBuilder.swift in Sources */,
				8501CCEB230FD40400F59DE1 /* EntityView.swift in Sources */,
				8501CD6F2310049500F59DE1 /* GetPhotosOperationModel.swift in Sources */,
				8501CD62230FFBEA00F59DE1 /* GetImageOperationModel.swift in Sources */,
				8501CD4C230FF79100F59DE1 /* ServiceConfigurator.swift in Sources */,
				8501CD50230FF7F700F59DE1 /* LocationEntitiesNetworkService.swift in Sources */,
				8501CCE4230FD40400F59DE1 /* PhotosCollectionViewController+Subviews.swift in Sources */,
				8501CCE3230FD40400F59DE1 /* PhotosCollectionViewController.swift in Sources */,
				8501CD0A230FF69B00F59DE1 /* GetLocationEntitiesOperationModel.swift in Sources */,
				8501CCE2230FD40400F59DE1 /* PhotosCollectionPresenter.swift in Sources */,
				8501CD5B230FFB5200F59DE1 /* ImageNetworkService.swift in Sources */,
				8501CCDF230FD40400F59DE1 /* PhotoCollectionViewCell.swift in Sources */,
				8501CD702310049500F59DE1 /* GetPhotosOperation.swift in Sources */,
				8501CCE1230FD40400F59DE1 /* PhotosCollectionWorker.swift in Sources */,
				8501CCE7230FD40400F59DE1 /* LoadingCollectionReusableView.swift in Sources */,
				8501CCEC230FD40400F59DE1 /* PhotosCollectionViewLocalization.swift in Sources */,
				8501CCEA230FD40400F59DE1 /* EntityViewModel.swift in Sources */,
				8501CD772310168300F59DE1 /* PhotoPhotosLocalService.swift in Sources */,
			);
			runOnlyForDeploymentPostprocessing = 0;
		};
		3549BB291DA389DB00C63030 /* Sources */ = {
			isa = PBXSourcesBuildPhase;
			buildActionMask = 2147483647;
			files = (
			);
			runOnlyForDeploymentPostprocessing = 0;
		};
		3549BB361DA389E800C63030 /* Sources */ = {
			isa = PBXSourcesBuildPhase;
			buildActionMask = 2147483647;
			files = (
			);
			runOnlyForDeploymentPostprocessing = 0;
		};
		3549BB431DA389F300C63030 /* Sources */ = {
			isa = PBXSourcesBuildPhase;
			buildActionMask = 2147483647;
			files = (
			);
			runOnlyForDeploymentPostprocessing = 0;
		};
		3549BB5D1DA38ADB00C63030 /* Sources */ = {
			isa = PBXSourcesBuildPhase;
			buildActionMask = 2147483647;
			files = (
				3549BB8B1DA38C0A00C63030 /* STPhotoCollectionTests.swift in Sources */,
				851765172316A39600AEDD1C /* PhotoCollectionViewControllerDelegateSpy.swift in Sources */,
				8501CD8D2310220600F59DE1 /* PhotosCollectionViewControllerTests.swift in Sources */,
				8501CD902310220600F59DE1 /* PhotosCollectionBusinessLogicSpy.swift in Sources */,
				8501CD892310220600F59DE1 /* PhotosCollectionInteractorTests.swift in Sources */,
				8501CD8F2310220600F59DE1 /* PhotosCollectionRoutingLogicSpy.swift in Sources */,
				8501CD922310220600F59DE1 /* PhotosCollectionWorkerSpy.swift in Sources */,
				8501CD8C2310220600F59DE1 /* PhotosCollectionSeeds.swift in Sources */,
				8501CD912310220600F59DE1 /* PhotosCollectionPresentationLogicSpy.swift in Sources */,
				8501CD8A2310220600F59DE1 /* PhotosCollectionWorkerTests.swift in Sources */,
				8501CD8B2310220600F59DE1 /* PhotosCollectionPresenterTests.swift in Sources */,
				8501CD8E2310220600F59DE1 /* PhotosCollectionDisplayLogicSpy.swift in Sources */,
			);
			runOnlyForDeploymentPostprocessing = 0;
		};
		3549BB6C1DA38AEF00C63030 /* Sources */ = {
			isa = PBXSourcesBuildPhase;
			buildActionMask = 2147483647;
			files = (
				3549BB8D1DA38C0A00C63030 /* STPhotoCollectionTests.swift in Sources */,
			);
			runOnlyForDeploymentPostprocessing = 0;
		};
		3549BB7B1DA38B0000C63030 /* Sources */ = {
			isa = PBXSourcesBuildPhase;
			buildActionMask = 2147483647;
			files = (
				3549BB8C1DA38C0A00C63030 /* STPhotoCollectionTests.swift in Sources */,
			);
			runOnlyForDeploymentPostprocessing = 0;
		};
/* End PBXSourcesBuildPhase section */

/* Begin PBXTargetDependency section */
		3549BB681DA38ADB00C63030 /* PBXTargetDependency */ = {
			isa = PBXTargetDependency;
			target = 3549BB201DA389CD00C63030 /* STPhotoCollection-iOS */;
			targetProxy = 3549BB671DA38ADB00C63030 /* PBXContainerItemProxy */;
		};
		3549BB771DA38AEF00C63030 /* PBXTargetDependency */ = {
			isa = PBXTargetDependency;
			target = 3549BB471DA389F300C63030 /* STPhotoCollection-tvOS */;
			targetProxy = 3549BB761DA38AEF00C63030 /* PBXContainerItemProxy */;
		};
		3549BB861DA38B0000C63030 /* PBXTargetDependency */ = {
			isa = PBXTargetDependency;
			target = 3549BB3A1DA389E800C63030 /* STPhotoCollection-macOS */;
			targetProxy = 3549BB851DA38B0000C63030 /* PBXContainerItemProxy */;
		};
/* End PBXTargetDependency section */

/* Begin XCBuildConfiguration section */
		3549BB0B1DA387DB00C63030 /* Debug */ = {
			isa = XCBuildConfiguration;
			buildSettings = {
				ALWAYS_SEARCH_USER_PATHS = NO;
				CLANG_ANALYZER_NONNULL = YES;
				CLANG_CXX_LANGUAGE_STANDARD = "gnu++0x";
				CLANG_CXX_LIBRARY = "libc++";
				CLANG_ENABLE_MODULES = YES;
				CLANG_ENABLE_OBJC_ARC = YES;
				CLANG_WARN_BLOCK_CAPTURE_AUTORELEASING = YES;
				CLANG_WARN_BOOL_CONVERSION = YES;
				CLANG_WARN_COMMA = YES;
				CLANG_WARN_CONSTANT_CONVERSION = YES;
				CLANG_WARN_DEPRECATED_OBJC_IMPLEMENTATIONS = YES;
				CLANG_WARN_DIRECT_OBJC_ISA_USAGE = YES_ERROR;
				CLANG_WARN_DOCUMENTATION_COMMENTS = YES;
				CLANG_WARN_EMPTY_BODY = YES;
				CLANG_WARN_ENUM_CONVERSION = YES;
				CLANG_WARN_INFINITE_RECURSION = YES;
				CLANG_WARN_INT_CONVERSION = YES;
				CLANG_WARN_NON_LITERAL_NULL_CONVERSION = YES;
				CLANG_WARN_OBJC_IMPLICIT_RETAIN_SELF = YES;
				CLANG_WARN_OBJC_LITERAL_CONVERSION = YES;
				CLANG_WARN_OBJC_ROOT_CLASS = YES_ERROR;
				CLANG_WARN_RANGE_LOOP_ANALYSIS = YES;
				CLANG_WARN_STRICT_PROTOTYPES = YES;
				CLANG_WARN_SUSPICIOUS_MOVE = YES;
				CLANG_WARN_SUSPICIOUS_MOVES = YES;
				CLANG_WARN_UNREACHABLE_CODE = YES;
				CLANG_WARN__DUPLICATE_METHOD_MATCH = YES;
				COPY_PHASE_STRIP = NO;
				CURRENT_PROJECT_VERSION = 1;
				DEBUG_INFORMATION_FORMAT = dwarf;
				ENABLE_STRICT_OBJC_MSGSEND = YES;
				ENABLE_TESTABILITY = YES;
				GCC_C_LANGUAGE_STANDARD = gnu99;
				GCC_DYNAMIC_NO_PIC = NO;
				GCC_NO_COMMON_BLOCKS = YES;
				GCC_OPTIMIZATION_LEVEL = 0;
				GCC_PREPROCESSOR_DEFINITIONS = (
					"DEBUG=1",
					"$(inherited)",
				);
				GCC_WARN_64_TO_32_BIT_CONVERSION = YES;
				GCC_WARN_ABOUT_RETURN_TYPE = YES_ERROR;
				GCC_WARN_UNDECLARED_SELECTOR = YES;
				GCC_WARN_UNINITIALIZED_AUTOS = YES_AGGRESSIVE;
				GCC_WARN_UNUSED_FUNCTION = YES;
				GCC_WARN_UNUSED_VARIABLE = YES;
				IPHONEOS_DEPLOYMENT_TARGET = 11.0;
				MACOSX_DEPLOYMENT_TARGET = 10.10;
				MTL_ENABLE_DEBUG_INFO = YES;
				ONLY_ACTIVE_ARCH = YES;
				SDKROOT = iphoneos;
				SWIFT_ACTIVE_COMPILATION_CONDITIONS = DEBUG;
				SWIFT_OPTIMIZATION_LEVEL = "-Onone";
				SWIFT_SWIFT3_OBJC_INFERENCE = Off;
				SWIFT_VERSION = 5.0;
				TARGETED_DEVICE_FAMILY = "1,2";
				VERSIONING_SYSTEM = "apple-generic";
				VERSION_INFO_PREFIX = "";
			};
			name = Debug;
		};
		3549BB0C1DA387DB00C63030 /* Release */ = {
			isa = XCBuildConfiguration;
			buildSettings = {
				ALWAYS_SEARCH_USER_PATHS = NO;
				CLANG_ANALYZER_NONNULL = YES;
				CLANG_CXX_LANGUAGE_STANDARD = "gnu++0x";
				CLANG_CXX_LIBRARY = "libc++";
				CLANG_ENABLE_MODULES = YES;
				CLANG_ENABLE_OBJC_ARC = YES;
				CLANG_WARN_BLOCK_CAPTURE_AUTORELEASING = YES;
				CLANG_WARN_BOOL_CONVERSION = YES;
				CLANG_WARN_COMMA = YES;
				CLANG_WARN_CONSTANT_CONVERSION = YES;
				CLANG_WARN_DEPRECATED_OBJC_IMPLEMENTATIONS = YES;
				CLANG_WARN_DIRECT_OBJC_ISA_USAGE = YES_ERROR;
				CLANG_WARN_DOCUMENTATION_COMMENTS = YES;
				CLANG_WARN_EMPTY_BODY = YES;
				CLANG_WARN_ENUM_CONVERSION = YES;
				CLANG_WARN_INFINITE_RECURSION = YES;
				CLANG_WARN_INT_CONVERSION = YES;
				CLANG_WARN_NON_LITERAL_NULL_CONVERSION = YES;
				CLANG_WARN_OBJC_IMPLICIT_RETAIN_SELF = YES;
				CLANG_WARN_OBJC_LITERAL_CONVERSION = YES;
				CLANG_WARN_OBJC_ROOT_CLASS = YES_ERROR;
				CLANG_WARN_RANGE_LOOP_ANALYSIS = YES;
				CLANG_WARN_STRICT_PROTOTYPES = YES;
				CLANG_WARN_SUSPICIOUS_MOVE = YES;
				CLANG_WARN_SUSPICIOUS_MOVES = YES;
				CLANG_WARN_UNREACHABLE_CODE = YES;
				CLANG_WARN__DUPLICATE_METHOD_MATCH = YES;
				COPY_PHASE_STRIP = NO;
				CURRENT_PROJECT_VERSION = 1;
				DEBUG_INFORMATION_FORMAT = "dwarf-with-dsym";
				ENABLE_NS_ASSERTIONS = NO;
				ENABLE_STRICT_OBJC_MSGSEND = YES;
				GCC_C_LANGUAGE_STANDARD = gnu99;
				GCC_NO_COMMON_BLOCKS = YES;
				GCC_WARN_64_TO_32_BIT_CONVERSION = YES;
				GCC_WARN_ABOUT_RETURN_TYPE = YES_ERROR;
				GCC_WARN_UNDECLARED_SELECTOR = YES;
				GCC_WARN_UNINITIALIZED_AUTOS = YES_AGGRESSIVE;
				GCC_WARN_UNUSED_FUNCTION = YES;
				GCC_WARN_UNUSED_VARIABLE = YES;
				IPHONEOS_DEPLOYMENT_TARGET = 11.0;
				MACOSX_DEPLOYMENT_TARGET = 10.10;
				MTL_ENABLE_DEBUG_INFO = NO;
				SDKROOT = iphoneos;
				SWIFT_OPTIMIZATION_LEVEL = "-Owholemodule";
				SWIFT_SWIFT3_OBJC_INFERENCE = Off;
				SWIFT_VERSION = 5.0;
				TARGETED_DEVICE_FAMILY = "1,2";
				VALIDATE_PRODUCT = YES;
				VERSIONING_SYSTEM = "apple-generic";
				VERSION_INFO_PREFIX = "";
			};
			name = Release;
		};
		3549BB271DA389CD00C63030 /* Debug */ = {
			isa = XCBuildConfiguration;
			buildSettings = {
				CLANG_ENABLE_MODULES = YES;
				DEFINES_MODULE = YES;
				DYLIB_COMPATIBILITY_VERSION = 1;
				DYLIB_CURRENT_VERSION = 1;
				DYLIB_INSTALL_NAME_BASE = "@rpath";
				FRAMEWORK_SEARCH_PATHS = (
					"$(inherited)",
					"$(PROJECT_DIR)/Carthage/Build/iOS",
				);
				INFOPLIST_FILE = Sources/Info.plist;
				INSTALL_PATH = "$(LOCAL_LIBRARY_DIR)/Frameworks";
				IPHONEOS_DEPLOYMENT_TARGET = 11.0;
				LD_RUNPATH_SEARCH_PATHS = "$(inherited) @executable_path/Frameworks @loader_path/Frameworks";
				PRODUCT_BUNDLE_IDENTIFIER = com.streetography.st.photo.collection.ios.STPhotoCollection;
				PRODUCT_NAME = STPhotoCollection;
				SKIP_INSTALL = YES;
				SWIFT_OPTIMIZATION_LEVEL = "-Onone";
				SWIFT_VERSION = 5.0;
			};
			name = Debug;
		};
		3549BB281DA389CD00C63030 /* Release */ = {
			isa = XCBuildConfiguration;
			buildSettings = {
				CLANG_ENABLE_MODULES = YES;
				DEFINES_MODULE = YES;
				DYLIB_COMPATIBILITY_VERSION = 1;
				DYLIB_CURRENT_VERSION = 1;
				DYLIB_INSTALL_NAME_BASE = "@rpath";
				FRAMEWORK_SEARCH_PATHS = (
					"$(inherited)",
					"$(PROJECT_DIR)/Carthage/Build/iOS",
				);
				INFOPLIST_FILE = Sources/Info.plist;
				INSTALL_PATH = "$(LOCAL_LIBRARY_DIR)/Frameworks";
				IPHONEOS_DEPLOYMENT_TARGET = 11.0;
				LD_RUNPATH_SEARCH_PATHS = "$(inherited) @executable_path/Frameworks @loader_path/Frameworks";
				PRODUCT_BUNDLE_IDENTIFIER = com.streetography.st.photo.collection.ios.STPhotoCollection;
				PRODUCT_NAME = STPhotoCollection;
				SKIP_INSTALL = YES;
				SWIFT_VERSION = 5.0;
			};
			name = Release;
		};
		3549BB341DA389DB00C63030 /* Debug */ = {
			isa = XCBuildConfiguration;
			buildSettings = {
				APPLICATION_EXTENSION_API_ONLY = YES;
				CLANG_ENABLE_MODULES = YES;
				CODE_SIGN_IDENTITY = "";
				DEFINES_MODULE = YES;
				DYLIB_COMPATIBILITY_VERSION = 1;
				DYLIB_CURRENT_VERSION = 1;
				DYLIB_INSTALL_NAME_BASE = "@rpath";
				INFOPLIST_FILE = Sources/Info.plist;
				INSTALL_PATH = "$(LOCAL_LIBRARY_DIR)/Frameworks";
				LD_RUNPATH_SEARCH_PATHS = "$(inherited) @executable_path/Frameworks @loader_path/Frameworks";
				PRODUCT_BUNDLE_IDENTIFIER = com.streetography.st.photo.collection.ios.STPhotoCollection;
				PRODUCT_NAME = STPhotoCollection;
				SDKROOT = watchos;
				SKIP_INSTALL = YES;
				SWIFT_OPTIMIZATION_LEVEL = "-Onone";
				TARGETED_DEVICE_FAMILY = 4;
				WATCHOS_DEPLOYMENT_TARGET = 2.0;
			};
			name = Debug;
		};
		3549BB351DA389DB00C63030 /* Release */ = {
			isa = XCBuildConfiguration;
			buildSettings = {
				APPLICATION_EXTENSION_API_ONLY = YES;
				CLANG_ENABLE_MODULES = YES;
				CODE_SIGN_IDENTITY = "";
				DEFINES_MODULE = YES;
				DYLIB_COMPATIBILITY_VERSION = 1;
				DYLIB_CURRENT_VERSION = 1;
				DYLIB_INSTALL_NAME_BASE = "@rpath";
				INFOPLIST_FILE = Sources/Info.plist;
				INSTALL_PATH = "$(LOCAL_LIBRARY_DIR)/Frameworks";
				LD_RUNPATH_SEARCH_PATHS = "$(inherited) @executable_path/Frameworks @loader_path/Frameworks";
				PRODUCT_BUNDLE_IDENTIFIER = com.streetography.st.photo.collection.ios.STPhotoCollection;
				PRODUCT_NAME = STPhotoCollection;
				SDKROOT = watchos;
				SKIP_INSTALL = YES;
				TARGETED_DEVICE_FAMILY = 4;
				WATCHOS_DEPLOYMENT_TARGET = 2.0;
			};
			name = Release;
		};
		3549BB411DA389E800C63030 /* Debug */ = {
			isa = XCBuildConfiguration;
			buildSettings = {
				CLANG_ENABLE_MODULES = YES;
				COMBINE_HIDPI_IMAGES = YES;
				DEFINES_MODULE = YES;
				DYLIB_COMPATIBILITY_VERSION = 1;
				DYLIB_CURRENT_VERSION = 1;
				DYLIB_INSTALL_NAME_BASE = "@rpath";
				FRAMEWORK_VERSION = A;
				INFOPLIST_FILE = Sources/Info.plist;
				INSTALL_PATH = "$(LOCAL_LIBRARY_DIR)/Frameworks";
				LD_RUNPATH_SEARCH_PATHS = "$(inherited) @executable_path/../Frameworks @loader_path/Frameworks";
				MACOSX_DEPLOYMENT_TARGET = 10.10;
				PRODUCT_BUNDLE_IDENTIFIER = com.streetography.st.photo.collection.ios.STPhotoCollection;
				PRODUCT_NAME = STPhotoCollection;
				SDKROOT = macosx;
				SKIP_INSTALL = YES;
				SWIFT_OPTIMIZATION_LEVEL = "-Onone";
			};
			name = Debug;
		};
		3549BB421DA389E800C63030 /* Release */ = {
			isa = XCBuildConfiguration;
			buildSettings = {
				CLANG_ENABLE_MODULES = YES;
				COMBINE_HIDPI_IMAGES = YES;
				DEFINES_MODULE = YES;
				DYLIB_COMPATIBILITY_VERSION = 1;
				DYLIB_CURRENT_VERSION = 1;
				DYLIB_INSTALL_NAME_BASE = "@rpath";
				FRAMEWORK_VERSION = A;
				INFOPLIST_FILE = Sources/Info.plist;
				INSTALL_PATH = "$(LOCAL_LIBRARY_DIR)/Frameworks";
				LD_RUNPATH_SEARCH_PATHS = "$(inherited) @executable_path/../Frameworks @loader_path/Frameworks";
				MACOSX_DEPLOYMENT_TARGET = 10.10;
				PRODUCT_BUNDLE_IDENTIFIER = com.streetography.st.photo.collection.ios.STPhotoCollection;
				PRODUCT_NAME = STPhotoCollection;
				SDKROOT = macosx;
				SKIP_INSTALL = YES;
			};
			name = Release;
		};
		3549BB4E1DA389F300C63030 /* Debug */ = {
			isa = XCBuildConfiguration;
			buildSettings = {
				CLANG_ENABLE_MODULES = YES;
				CODE_SIGN_IDENTITY = "";
				DEFINES_MODULE = YES;
				DYLIB_COMPATIBILITY_VERSION = 1;
				DYLIB_CURRENT_VERSION = 1;
				DYLIB_INSTALL_NAME_BASE = "@rpath";
				INFOPLIST_FILE = "Sources/Info-tvOS.plist";
				INSTALL_PATH = "$(LOCAL_LIBRARY_DIR)/Frameworks";
				LD_RUNPATH_SEARCH_PATHS = "$(inherited) @executable_path/Frameworks @loader_path/Frameworks";
				PRODUCT_BUNDLE_IDENTIFIER = com.streetography.st.photo.collection.ios.STPhotoCollection;
				PRODUCT_NAME = STPhotoCollection;
				SDKROOT = appletvos;
				SKIP_INSTALL = YES;
				SWIFT_OPTIMIZATION_LEVEL = "-Onone";
				TARGETED_DEVICE_FAMILY = 3;
				TVOS_DEPLOYMENT_TARGET = 9.0;
			};
			name = Debug;
		};
		3549BB4F1DA389F300C63030 /* Release */ = {
			isa = XCBuildConfiguration;
			buildSettings = {
				CLANG_ENABLE_MODULES = YES;
				CODE_SIGN_IDENTITY = "";
				DEFINES_MODULE = YES;
				DYLIB_COMPATIBILITY_VERSION = 1;
				DYLIB_CURRENT_VERSION = 1;
				DYLIB_INSTALL_NAME_BASE = "@rpath";
				INFOPLIST_FILE = "Sources/Info-tvOS.plist";
				INSTALL_PATH = "$(LOCAL_LIBRARY_DIR)/Frameworks";
				LD_RUNPATH_SEARCH_PATHS = "$(inherited) @executable_path/Frameworks @loader_path/Frameworks";
				PRODUCT_BUNDLE_IDENTIFIER = com.streetography.st.photo.collection.ios.STPhotoCollection;
				PRODUCT_NAME = STPhotoCollection;
				SDKROOT = appletvos;
				SKIP_INSTALL = YES;
				TARGETED_DEVICE_FAMILY = 3;
				TVOS_DEPLOYMENT_TARGET = 9.0;
			};
			name = Release;
		};
		3549BB6A1DA38ADB00C63030 /* Debug */ = {
			isa = XCBuildConfiguration;
			buildSettings = {
				ALWAYS_EMBED_SWIFT_STANDARD_LIBRARIES = YES;
				CLANG_ENABLE_MODULES = YES;
				FRAMEWORK_SEARCH_PATHS = (
					"$(inherited)",
					"$(PROJECT_DIR)/Carthage/Build/iOS",
				);
				INFOPLIST_FILE = Tests/Info.plist;
				LD_RUNPATH_SEARCH_PATHS = "$(inherited) @executable_path/Frameworks @loader_path/Frameworks";
				PRODUCT_BUNDLE_IDENTIFIER = com.streetography.st.photo.collection.ios.STPhotoCollectionTests;
				PRODUCT_NAME = "$(TARGET_NAME)";
				SWIFT_OPTIMIZATION_LEVEL = "-Onone";
				SWIFT_VERSION = 5.0;
			};
			name = Debug;
		};
		3549BB6B1DA38ADB00C63030 /* Release */ = {
			isa = XCBuildConfiguration;
			buildSettings = {
				ALWAYS_EMBED_SWIFT_STANDARD_LIBRARIES = YES;
				CLANG_ENABLE_MODULES = YES;
				FRAMEWORK_SEARCH_PATHS = (
					"$(inherited)",
					"$(PROJECT_DIR)/Carthage/Build/iOS",
				);
				INFOPLIST_FILE = Tests/Info.plist;
				LD_RUNPATH_SEARCH_PATHS = "$(inherited) @executable_path/Frameworks @loader_path/Frameworks";
				PRODUCT_BUNDLE_IDENTIFIER = com.streetography.st.photo.collection.ios.STPhotoCollectionTests;
				PRODUCT_NAME = "$(TARGET_NAME)";
				SWIFT_VERSION = 5.0;
			};
			name = Release;
		};
		3549BB791DA38AEF00C63030 /* Debug */ = {
			isa = XCBuildConfiguration;
			buildSettings = {
				CLANG_ENABLE_MODULES = YES;
				FRAMEWORK_SEARCH_PATHS = "$(inherited)";
				INFOPLIST_FILE = "Tests/Info-tvOS.plist";
				LD_RUNPATH_SEARCH_PATHS = "$(inherited) @executable_path/Frameworks @loader_path/Frameworks";
				PRODUCT_BUNDLE_IDENTIFIER = com.streetography.st.photo.collection.ios.STPhotoCollectionTests;
				PRODUCT_NAME = "$(TARGET_NAME)";
				SDKROOT = appletvos;
				SWIFT_OPTIMIZATION_LEVEL = "-Onone";
				TVOS_DEPLOYMENT_TARGET = 9.0;
			};
			name = Debug;
		};
		3549BB7A1DA38AEF00C63030 /* Release */ = {
			isa = XCBuildConfiguration;
			buildSettings = {
				CLANG_ENABLE_MODULES = YES;
				FRAMEWORK_SEARCH_PATHS = "$(inherited)";
				INFOPLIST_FILE = "Tests/Info-tvOS.plist";
				LD_RUNPATH_SEARCH_PATHS = "$(inherited) @executable_path/Frameworks @loader_path/Frameworks";
				PRODUCT_BUNDLE_IDENTIFIER = com.streetography.st.photo.collection.ios.STPhotoCollectionTests;
				PRODUCT_NAME = "$(TARGET_NAME)";
				SDKROOT = appletvos;
				TVOS_DEPLOYMENT_TARGET = 9.0;
			};
			name = Release;
		};
		3549BB881DA38B0000C63030 /* Debug */ = {
			isa = XCBuildConfiguration;
			buildSettings = {
				CLANG_ENABLE_MODULES = YES;
				COMBINE_HIDPI_IMAGES = YES;
				FRAMEWORK_SEARCH_PATHS = "$(inherited)";
				INFOPLIST_FILE = Tests/Info.plist;
				LD_RUNPATH_SEARCH_PATHS = "$(inherited) @executable_path/../Frameworks @loader_path/../Frameworks";
				MACOSX_DEPLOYMENT_TARGET = 10.10;
				PRODUCT_BUNDLE_IDENTIFIER = com.streetography.st.photo.collection.ios.STPhotoCollectionTests;
				PRODUCT_NAME = "$(TARGET_NAME)";
				SDKROOT = macosx;
				SWIFT_OPTIMIZATION_LEVEL = "-Onone";
			};
			name = Debug;
		};
		3549BB891DA38B0000C63030 /* Release */ = {
			isa = XCBuildConfiguration;
			buildSettings = {
				CLANG_ENABLE_MODULES = YES;
				COMBINE_HIDPI_IMAGES = YES;
				FRAMEWORK_SEARCH_PATHS = "$(inherited)";
				INFOPLIST_FILE = Tests/Info.plist;
				LD_RUNPATH_SEARCH_PATHS = "$(inherited) @executable_path/../Frameworks @loader_path/../Frameworks";
				MACOSX_DEPLOYMENT_TARGET = 10.10;
				PRODUCT_BUNDLE_IDENTIFIER = com.streetography.st.photo.collection.ios.STPhotoCollectionTests;
				PRODUCT_NAME = "$(TARGET_NAME)";
				SDKROOT = macosx;
			};
			name = Release;
		};
/* End XCBuildConfiguration section */

/* Begin XCConfigurationList section */
		3549BAFF1DA387DB00C63030 /* Build configuration list for PBXProject "STPhotoCollection" */ = {
			isa = XCConfigurationList;
			buildConfigurations = (
				3549BB0B1DA387DB00C63030 /* Debug */,
				3549BB0C1DA387DB00C63030 /* Release */,
			);
			defaultConfigurationIsVisible = 0;
			defaultConfigurationName = Release;
		};
		3549BB261DA389CD00C63030 /* Build configuration list for PBXNativeTarget "STPhotoCollection-iOS" */ = {
			isa = XCConfigurationList;
			buildConfigurations = (
				3549BB271DA389CD00C63030 /* Debug */,
				3549BB281DA389CD00C63030 /* Release */,
			);
			defaultConfigurationIsVisible = 0;
			defaultConfigurationName = Release;
		};
		3549BB331DA389DB00C63030 /* Build configuration list for PBXNativeTarget "STPhotoCollection-watchOS" */ = {
			isa = XCConfigurationList;
			buildConfigurations = (
				3549BB341DA389DB00C63030 /* Debug */,
				3549BB351DA389DB00C63030 /* Release */,
			);
			defaultConfigurationIsVisible = 0;
			defaultConfigurationName = Release;
		};
		3549BB401DA389E800C63030 /* Build configuration list for PBXNativeTarget "STPhotoCollection-macOS" */ = {
			isa = XCConfigurationList;
			buildConfigurations = (
				3549BB411DA389E800C63030 /* Debug */,
				3549BB421DA389E800C63030 /* Release */,
			);
			defaultConfigurationIsVisible = 0;
			defaultConfigurationName = Release;
		};
		3549BB4D1DA389F300C63030 /* Build configuration list for PBXNativeTarget "STPhotoCollection-tvOS" */ = {
			isa = XCConfigurationList;
			buildConfigurations = (
				3549BB4E1DA389F300C63030 /* Debug */,
				3549BB4F1DA389F300C63030 /* Release */,
			);
			defaultConfigurationIsVisible = 0;
			defaultConfigurationName = Release;
		};
		3549BB691DA38ADB00C63030 /* Build configuration list for PBXNativeTarget "STPhotoCollectionTests-iOS" */ = {
			isa = XCConfigurationList;
			buildConfigurations = (
				3549BB6A1DA38ADB00C63030 /* Debug */,
				3549BB6B1DA38ADB00C63030 /* Release */,
			);
			defaultConfigurationIsVisible = 0;
			defaultConfigurationName = Release;
		};
		3549BB781DA38AEF00C63030 /* Build configuration list for PBXNativeTarget "STPhotoCollectionTests-tvOS" */ = {
			isa = XCConfigurationList;
			buildConfigurations = (
				3549BB791DA38AEF00C63030 /* Debug */,
				3549BB7A1DA38AEF00C63030 /* Release */,
			);
			defaultConfigurationIsVisible = 0;
			defaultConfigurationName = Release;
		};
		3549BB871DA38B0000C63030 /* Build configuration list for PBXNativeTarget "STPhotoCollectionTests-macOS" */ = {
			isa = XCConfigurationList;
			buildConfigurations = (
				3549BB881DA38B0000C63030 /* Debug */,
				3549BB891DA38B0000C63030 /* Release */,
			);
			defaultConfigurationIsVisible = 0;
			defaultConfigurationName = Release;
		};
/* End XCConfigurationList section */
	};
	rootObject = 3549BAFC1DA387DB00C63030 /* Project object */;
}
